// !$*UTF8*$!
{
	archiveVersion = 1;
	classes = {
	};
	objectVersion = 46;
	objects = {

/* Begin PBXBuildFile section */
		4C0A8BCD1DA5749F008CC9F3 /* Singleton.m in Sources */ = {isa = PBXBuildFile; fileRef = 4C0A8BCA1DA5749F008CC9F3 /* Singleton.m */; };
		4C0A8BCE1DA5749F008CC9F3 /* WSManager.m in Sources */ = {isa = PBXBuildFile; fileRef = 4C0A8BCC1DA5749F008CC9F3 /* WSManager.m */; };
		4C0A8C311DA59847008CC9F3 /* LoginViewController.m in Sources */ = {isa = PBXBuildFile; fileRef = 4C0A8C301DA59847008CC9F3 /* LoginViewController.m */; };
		4C0A8DBD1DA5AE88008CC9F3 /* Ajustes.png in Resources */ = {isa = PBXBuildFile; fileRef = 4C0A8D871DA5AE88008CC9F3 /* Ajustes.png */; };
		4C0A8DBE1DA5AE88008CC9F3 /* Ajustes@2x.png in Resources */ = {isa = PBXBuildFile; fileRef = 4C0A8D881DA5AE88008CC9F3 /* Ajustes@2x.png */; };
		4C0A8DBF1DA5AE88008CC9F3 /* Ajustes@3x.png in Resources */ = {isa = PBXBuildFile; fileRef = 4C0A8D891DA5AE88008CC9F3 /* Ajustes@3x.png */; };
		4C0A8DC01DA5AE88008CC9F3 /* Atras.png in Resources */ = {isa = PBXBuildFile; fileRef = 4C0A8D8A1DA5AE88008CC9F3 /* Atras.png */; };
		4C0A8DC11DA5AE88008CC9F3 /* Atras@2x.png in Resources */ = {isa = PBXBuildFile; fileRef = 4C0A8D8B1DA5AE88008CC9F3 /* Atras@2x.png */; };
		4C0A8DC21DA5AE88008CC9F3 /* Atras@3x.png in Resources */ = {isa = PBXBuildFile; fileRef = 4C0A8D8C1DA5AE88008CC9F3 /* Atras@3x.png */; };
		4C0A8DC31DA5AE88008CC9F3 /* Candado.png in Resources */ = {isa = PBXBuildFile; fileRef = 4C0A8D8D1DA5AE88008CC9F3 /* Candado.png */; };
		4C0A8DC41DA5AE88008CC9F3 /* Candado@2x.png in Resources */ = {isa = PBXBuildFile; fileRef = 4C0A8D8E1DA5AE88008CC9F3 /* Candado@2x.png */; };
		4C0A8DC51DA5AE88008CC9F3 /* Candado@3x.png in Resources */ = {isa = PBXBuildFile; fileRef = 4C0A8D8F1DA5AE88008CC9F3 /* Candado@3x.png */; };
		4C0A8DC61DA5AE88008CC9F3 /* Configuraciones.png in Resources */ = {isa = PBXBuildFile; fileRef = 4C0A8D901DA5AE88008CC9F3 /* Configuraciones.png */; };
		4C0A8DC71DA5AE88008CC9F3 /* Configuraciones@2x.png in Resources */ = {isa = PBXBuildFile; fileRef = 4C0A8D911DA5AE88008CC9F3 /* Configuraciones@2x.png */; };
		4C0A8DC81DA5AE88008CC9F3 /* Configuraciones@3x.png in Resources */ = {isa = PBXBuildFile; fileRef = 4C0A8D921DA5AE88008CC9F3 /* Configuraciones@3x.png */; };
		4C0A8DC91DA5AE88008CC9F3 /* Contacto.png in Resources */ = {isa = PBXBuildFile; fileRef = 4C0A8D931DA5AE88008CC9F3 /* Contacto.png */; };
		4C0A8DCA1DA5AE88008CC9F3 /* Contacto@2x.png in Resources */ = {isa = PBXBuildFile; fileRef = 4C0A8D941DA5AE88008CC9F3 /* Contacto@2x.png */; };
		4C0A8DCB1DA5AE88008CC9F3 /* Contacto@3x.png in Resources */ = {isa = PBXBuildFile; fileRef = 4C0A8D951DA5AE88008CC9F3 /* Contacto@3x.png */; };
		4C0A8DCC1DA5AE88008CC9F3 /* Facebook.png in Resources */ = {isa = PBXBuildFile; fileRef = 4C0A8D961DA5AE88008CC9F3 /* Facebook.png */; };
		4C0A8DCD1DA5AE88008CC9F3 /* Facebook@2x.png in Resources */ = {isa = PBXBuildFile; fileRef = 4C0A8D971DA5AE88008CC9F3 /* Facebook@2x.png */; };
		4C0A8DCE1DA5AE88008CC9F3 /* Facebook@3x.png in Resources */ = {isa = PBXBuildFile; fileRef = 4C0A8D981DA5AE88008CC9F3 /* Facebook@3x.png */; };
		4C0A8DCF1DA5AE88008CC9F3 /* fondo.png in Resources */ = {isa = PBXBuildFile; fileRef = 4C0A8D991DA5AE88008CC9F3 /* fondo.png */; };
		4C0A8DD01DA5AE88008CC9F3 /* fondo@2x.png in Resources */ = {isa = PBXBuildFile; fileRef = 4C0A8D9A1DA5AE88008CC9F3 /* fondo@2x.png */; };
		4C0A8DD11DA5AE88008CC9F3 /* fondo@3x.png in Resources */ = {isa = PBXBuildFile; fileRef = 4C0A8D9B1DA5AE88008CC9F3 /* fondo@3x.png */; };
		4C0A8DD21DA5AE88008CC9F3 /* Login lock.png in Resources */ = {isa = PBXBuildFile; fileRef = 4C0A8D9C1DA5AE88008CC9F3 /* Login lock.png */; };
		4C0A8DD31DA5AE88008CC9F3 /* Login lock@2x.png in Resources */ = {isa = PBXBuildFile; fileRef = 4C0A8D9D1DA5AE88008CC9F3 /* Login lock@2x.png */; };
		4C0A8DD41DA5AE88008CC9F3 /* Login lock@3x.png in Resources */ = {isa = PBXBuildFile; fileRef = 4C0A8D9E1DA5AE88008CC9F3 /* Login lock@3x.png */; };
		4C0A8DD51DA5AE88008CC9F3 /* Login mail.png in Resources */ = {isa = PBXBuildFile; fileRef = 4C0A8D9F1DA5AE88008CC9F3 /* Login mail.png */; };
		4C0A8DD61DA5AE88008CC9F3 /* Login mail@2x.png in Resources */ = {isa = PBXBuildFile; fileRef = 4C0A8DA01DA5AE88008CC9F3 /* Login mail@2x.png */; };
		4C0A8DD71DA5AE88008CC9F3 /* Login mail@3x.png in Resources */ = {isa = PBXBuildFile; fileRef = 4C0A8DA11DA5AE88008CC9F3 /* Login mail@3x.png */; };
		4C0A8DD81DA5AE88008CC9F3 /* Logo Central.png in Resources */ = {isa = PBXBuildFile; fileRef = 4C0A8DA21DA5AE88008CC9F3 /* Logo Central.png */; };
		4C0A8DD91DA5AE88008CC9F3 /* Logo Central@2x.png in Resources */ = {isa = PBXBuildFile; fileRef = 4C0A8DA31DA5AE88008CC9F3 /* Logo Central@2x.png */; };
		4C0A8DDA1DA5AE88008CC9F3 /* Logo Central@3x.png in Resources */ = {isa = PBXBuildFile; fileRef = 4C0A8DA41DA5AE88008CC9F3 /* Logo Central@3x.png */; };
		4C0A8DDB1DA5AE88008CC9F3 /* logo.png in Resources */ = {isa = PBXBuildFile; fileRef = 4C0A8DA51DA5AE88008CC9F3 /* logo.png */; };
		4C0A8DDC1DA5AE88008CC9F3 /* logo@2x.png in Resources */ = {isa = PBXBuildFile; fileRef = 4C0A8DA61DA5AE88008CC9F3 /* logo@2x.png */; };
		4C0A8DDD1DA5AE88008CC9F3 /* logo@3x.png in Resources */ = {isa = PBXBuildFile; fileRef = 4C0A8DA71DA5AE88008CC9F3 /* logo@3x.png */; };
		4C0A8DDE1DA5AE88008CC9F3 /* Mail.png in Resources */ = {isa = PBXBuildFile; fileRef = 4C0A8DA81DA5AE88008CC9F3 /* Mail.png */; };
		4C0A8DDF1DA5AE88008CC9F3 /* Mail@2x.png in Resources */ = {isa = PBXBuildFile; fileRef = 4C0A8DA91DA5AE88008CC9F3 /* Mail@2x.png */; };
		4C0A8DE01DA5AE88008CC9F3 /* Mail@3x.png in Resources */ = {isa = PBXBuildFile; fileRef = 4C0A8DAA1DA5AE88008CC9F3 /* Mail@3x.png */; };
		4C0A8DF01DA5AE88008CC9F3 /* Web.png in Resources */ = {isa = PBXBuildFile; fileRef = 4C0A8DBA1DA5AE88008CC9F3 /* Web.png */; };
		4C0A8DF11DA5AE88008CC9F3 /* Web@2x.png in Resources */ = {isa = PBXBuildFile; fileRef = 4C0A8DBB1DA5AE88008CC9F3 /* Web@2x.png */; };
		4C0A8DF21DA5AE88008CC9F3 /* Web@3x.png in Resources */ = {isa = PBXBuildFile; fileRef = 4C0A8DBC1DA5AE88008CC9F3 /* Web@3x.png */; };
		4C0A8E031DA5B25B008CC9F3 /* Oswald-Bold.ttf in Resources */ = {isa = PBXBuildFile; fileRef = 4C0A8DF41DA5B25B008CC9F3 /* Oswald-Bold.ttf */; };
		4C0A8E041DA5B25B008CC9F3 /* Oswald-BoldItalic.ttf in Resources */ = {isa = PBXBuildFile; fileRef = 4C0A8DF51DA5B25B008CC9F3 /* Oswald-BoldItalic.ttf */; };
		4C0A8E051DA5B25B008CC9F3 /* Oswald-Demi-BoldItalic.ttf in Resources */ = {isa = PBXBuildFile; fileRef = 4C0A8DF61DA5B25B008CC9F3 /* Oswald-Demi-BoldItalic.ttf */; };
		4C0A8E061DA5B25B008CC9F3 /* Oswald-DemiBold.ttf in Resources */ = {isa = PBXBuildFile; fileRef = 4C0A8DF71DA5B25B008CC9F3 /* Oswald-DemiBold.ttf */; };
		4C0A8E071DA5B25B008CC9F3 /* Oswald-Extra-LightItalic.ttf in Resources */ = {isa = PBXBuildFile; fileRef = 4C0A8DF81DA5B25B008CC9F3 /* Oswald-Extra-LightItalic.ttf */; };
		4C0A8E081DA5B25B008CC9F3 /* Oswald-ExtraLight.ttf in Resources */ = {isa = PBXBuildFile; fileRef = 4C0A8DF91DA5B25B008CC9F3 /* Oswald-ExtraLight.ttf */; };
		4C0A8E091DA5B25B008CC9F3 /* Oswald-Heavy.ttf in Resources */ = {isa = PBXBuildFile; fileRef = 4C0A8DFA1DA5B25B008CC9F3 /* Oswald-Heavy.ttf */; };
		4C0A8E0A1DA5B25B008CC9F3 /* Oswald-HeavyItalic.ttf in Resources */ = {isa = PBXBuildFile; fileRef = 4C0A8DFB1DA5B25B008CC9F3 /* Oswald-HeavyItalic.ttf */; };
		4C0A8E0B1DA5B25B008CC9F3 /* Oswald-Light.ttf in Resources */ = {isa = PBXBuildFile; fileRef = 4C0A8DFC1DA5B25B008CC9F3 /* Oswald-Light.ttf */; };
		4C0A8E0C1DA5B25B008CC9F3 /* Oswald-LightItalic.ttf in Resources */ = {isa = PBXBuildFile; fileRef = 4C0A8DFD1DA5B25B008CC9F3 /* Oswald-LightItalic.ttf */; };
		4C0A8E0D1DA5B25B008CC9F3 /* Oswald-Medium.ttf in Resources */ = {isa = PBXBuildFile; fileRef = 4C0A8DFE1DA5B25B008CC9F3 /* Oswald-Medium.ttf */; };
		4C0A8E0E1DA5B25B008CC9F3 /* Oswald-MediumItalic.ttf in Resources */ = {isa = PBXBuildFile; fileRef = 4C0A8DFF1DA5B25B008CC9F3 /* Oswald-MediumItalic.ttf */; };
		4C0A8E0F1DA5B25B008CC9F3 /* Oswald-Regular.ttf in Resources */ = {isa = PBXBuildFile; fileRef = 4C0A8E001DA5B25B008CC9F3 /* Oswald-Regular.ttf */; };
		4C0A8E101DA5B25B008CC9F3 /* Oswald-RegularItalic.ttf in Resources */ = {isa = PBXBuildFile; fileRef = 4C0A8E011DA5B25B008CC9F3 /* Oswald-RegularItalic.ttf */; };
		4C0A8E111DA5B25B008CC9F3 /* Oswald-Stencil.ttf in Resources */ = {isa = PBXBuildFile; fileRef = 4C0A8E021DA5B25B008CC9F3 /* Oswald-Stencil.ttf */; };
		4C0C88D01DAE7F61003FEA49 /* MapaViewController.m in Sources */ = {isa = PBXBuildFile; fileRef = 4C0C88CF1DAE7F61003FEA49 /* MapaViewController.m */; };
		4C0C88D71DAE9375003FEA49 /* estrella_amarilla.png in Resources */ = {isa = PBXBuildFile; fileRef = 4C0C88D11DAE9375003FEA49 /* estrella_amarilla.png */; };
		4C0C88D81DAE9375003FEA49 /* estrella_amarilla@2x.png in Resources */ = {isa = PBXBuildFile; fileRef = 4C0C88D21DAE9375003FEA49 /* estrella_amarilla@2x.png */; };
		4C0C88D91DAE9375003FEA49 /* estrella_amarilla@3x.png in Resources */ = {isa = PBXBuildFile; fileRef = 4C0C88D31DAE9375003FEA49 /* estrella_amarilla@3x.png */; };
		4C0C88DA1DAE9375003FEA49 /* estrella_oscura.png in Resources */ = {isa = PBXBuildFile; fileRef = 4C0C88D41DAE9375003FEA49 /* estrella_oscura.png */; };
		4C0C88DB1DAE9375003FEA49 /* estrella_oscura@2x.png in Resources */ = {isa = PBXBuildFile; fileRef = 4C0C88D51DAE9375003FEA49 /* estrella_oscura@2x.png */; };
		4C0C88DC1DAE9375003FEA49 /* estrella_oscura@3x.png in Resources */ = {isa = PBXBuildFile; fileRef = 4C0C88D61DAE9375003FEA49 /* estrella_oscura@3x.png */; };
		4C0C88DF1DAE9B7E003FEA49 /* ContactenosViewController.m in Sources */ = {isa = PBXBuildFile; fileRef = 4C0C88DE1DAE9B7E003FEA49 /* ContactenosViewController.m */; };
		4C0C88E51DAE9CBD003FEA49 /* ContactenosTableViewCell.m in Sources */ = {isa = PBXBuildFile; fileRef = 4C0C88E31DAE9CBD003FEA49 /* ContactenosTableViewCell.m */; };
		4C0C88E61DAE9CBD003FEA49 /* ContactenosTableViewCell.xib in Resources */ = {isa = PBXBuildFile; fileRef = 4C0C88E41DAE9CBD003FEA49 /* ContactenosTableViewCell.xib */; };
		4C1C3EB41DA86BC8009A167D /* fondo_monedero.png in Resources */ = {isa = PBXBuildFile; fileRef = 4C1C3EB11DA86BC8009A167D /* fondo_monedero.png */; };
		4C1C3EB51DA86BC8009A167D /* fondo_monedero@2x.png in Resources */ = {isa = PBXBuildFile; fileRef = 4C1C3EB21DA86BC8009A167D /* fondo_monedero@2x.png */; };
		4C1C3EB61DA86BC8009A167D /* fondo_monedero@3x.png in Resources */ = {isa = PBXBuildFile; fileRef = 4C1C3EB31DA86BC8009A167D /* fondo_monedero@3x.png */; };
		4C1C3EB91DA86C3C009A167D /* MonederoViewController.m in Sources */ = {isa = PBXBuildFile; fileRef = 4C1C3EB81DA86C3C009A167D /* MonederoViewController.m */; };
		4C1C3ED31DA87F17009A167D /* recargas.png in Resources */ = {isa = PBXBuildFile; fileRef = 4C1C3EC71DA87F17009A167D /* recargas.png */; };
		4C1C3ED41DA87F17009A167D /* recargas@2x.png in Resources */ = {isa = PBXBuildFile; fileRef = 4C1C3EC81DA87F17009A167D /* recargas@2x.png */; };
		4C1C3ED51DA87F17009A167D /* recargas@3x.png in Resources */ = {isa = PBXBuildFile; fileRef = 4C1C3EC91DA87F17009A167D /* recargas@3x.png */; };
		4C1C3EDF1DA8805A009A167D /* ubicaciones.png in Resources */ = {isa = PBXBuildFile; fileRef = 4C1C3EDC1DA8805A009A167D /* ubicaciones.png */; };
		4C1C3EE01DA8805A009A167D /* ubicaciones@2x.png in Resources */ = {isa = PBXBuildFile; fileRef = 4C1C3EDD1DA8805A009A167D /* ubicaciones@2x.png */; };
		4C1C3EE11DA8805A009A167D /* ubicaciones@3x.png in Resources */ = {isa = PBXBuildFile; fileRef = 4C1C3EDE1DA8805A009A167D /* ubicaciones@3x.png */; };
		4C1C3EE51DA880AE009A167D /* promociones.png in Resources */ = {isa = PBXBuildFile; fileRef = 4C1C3EE21DA880AE009A167D /* promociones.png */; };
		4C1C3EE61DA880AE009A167D /* promociones@2x.png in Resources */ = {isa = PBXBuildFile; fileRef = 4C1C3EE31DA880AE009A167D /* promociones@2x.png */; };
		4C1C3EE71DA880AE009A167D /* promociones@3x.png in Resources */ = {isa = PBXBuildFile; fileRef = 4C1C3EE41DA880AE009A167D /* promociones@3x.png */; };
		4C1C3EF11DA88241009A167D /* telefono.png in Resources */ = {isa = PBXBuildFile; fileRef = 4C1C3EEE1DA88241009A167D /* telefono.png */; };
		4C1C3EF21DA88241009A167D /* telefono@2x.png in Resources */ = {isa = PBXBuildFile; fileRef = 4C1C3EEF1DA88241009A167D /* telefono@2x.png */; };
		4C1C3EF31DA88241009A167D /* telefono@3x.png in Resources */ = {isa = PBXBuildFile; fileRef = 4C1C3EF01DA88241009A167D /* telefono@3x.png */; };
		4C7EB9501DAC393D00A8875D /* blank-profile-picture-973460_960_720.png in Resources */ = {isa = PBXBuildFile; fileRef = 4C7EB94F1DAC393D00A8875D /* blank-profile-picture-973460_960_720.png */; };
		4C891E501DAD6CFC002578C2 /* fondo_contacto.png in Resources */ = {isa = PBXBuildFile; fileRef = 4C891E4D1DAD6CFC002578C2 /* fondo_contacto.png */; };
		4C891E511DAD6CFC002578C2 /* fondo_contacto@2x.png in Resources */ = {isa = PBXBuildFile; fileRef = 4C891E4E1DAD6CFC002578C2 /* fondo_contacto@2x.png */; };
		4C891E521DAD6CFC002578C2 /* fondo_contacto@3x.png in Resources */ = {isa = PBXBuildFile; fileRef = 4C891E4F1DAD6CFC002578C2 /* fondo_contacto@3x.png */; };
		4C891E5C1DAD7153002578C2 /* telefono_contactenos.png in Resources */ = {isa = PBXBuildFile; fileRef = 4C891E591DAD7153002578C2 /* telefono_contactenos.png */; };
		4C891E5D1DAD7153002578C2 /* telefono_contactenos@2x.png in Resources */ = {isa = PBXBuildFile; fileRef = 4C891E5A1DAD7153002578C2 /* telefono_contactenos@2x.png */; };
		4C891E5E1DAD7153002578C2 /* telefono_contactenos@3x.png in Resources */ = {isa = PBXBuildFile; fileRef = 4C891E5B1DAD7153002578C2 /* telefono_contactenos@3x.png */; };
		4C93DB801DABDC2400E7CFF9 /* monedero.png in Resources */ = {isa = PBXBuildFile; fileRef = 4C93DB7D1DABDC2400E7CFF9 /* monedero.png */; };
		4C93DB811DABDC2400E7CFF9 /* monedero@2x.png in Resources */ = {isa = PBXBuildFile; fileRef = 4C93DB7E1DABDC2400E7CFF9 /* monedero@2x.png */; };
		4C93DB821DABDC2400E7CFF9 /* monedero@3x.png in Resources */ = {isa = PBXBuildFile; fileRef = 4C93DB7F1DABDC2400E7CFF9 /* monedero@3x.png */; };
		4CE8434E1DA5480D00502CC9 /* main.m in Sources */ = {isa = PBXBuildFile; fileRef = 4CE8434D1DA5480D00502CC9 /* main.m */; };
		4CE843511DA5480D00502CC9 /* AppDelegate.m in Sources */ = {isa = PBXBuildFile; fileRef = 4CE843501DA5480D00502CC9 /* AppDelegate.m */; };
		4CE843541DA5480D00502CC9 /* ViewController.m in Sources */ = {isa = PBXBuildFile; fileRef = 4CE843531DA5480D00502CC9 /* ViewController.m */; };
		4CE843571DA5480D00502CC9 /* Main.storyboard in Resources */ = {isa = PBXBuildFile; fileRef = 4CE843551DA5480D00502CC9 /* Main.storyboard */; };
		4CE8435A1DA5480D00502CC9 /* Musmanni.xcdatamodeld in Sources */ = {isa = PBXBuildFile; fileRef = 4CE843581DA5480D00502CC9 /* Musmanni.xcdatamodeld */; };
		4CE8435C1DA5480D00502CC9 /* Assets.xcassets in Resources */ = {isa = PBXBuildFile; fileRef = 4CE8435B1DA5480D00502CC9 /* Assets.xcassets */; };
		4CE8435F1DA5480D00502CC9 /* LaunchScreen.storyboard in Resources */ = {isa = PBXBuildFile; fileRef = 4CE8435D1DA5480D00502CC9 /* LaunchScreen.storyboard */; };
		4CE8436A1DA5480D00502CC9 /* MusmanniTests.m in Sources */ = {isa = PBXBuildFile; fileRef = 4CE843691DA5480D00502CC9 /* MusmanniTests.m */; };
		4CE843751DA5480D00502CC9 /* MusmanniUITests.m in Sources */ = {isa = PBXBuildFile; fileRef = 4CE843741DA5480D00502CC9 /* MusmanniUITests.m */; };
		4CE843851DA5486300502CC9 /* MapKit.framework in Frameworks */ = {isa = PBXBuildFile; fileRef = 4CE843841DA5486300502CC9 /* MapKit.framework */; };
		A7C7F4E27165CBFCCF53EBE9 /* libPods-MusmanniUITests.a in Frameworks */ = {isa = PBXBuildFile; fileRef = DC8F109A2F1A850A2D9544B8 /* libPods-MusmanniUITests.a */; };
		E6DC0166DA1E17835DBC4A6A /* libPods-MusmanniTests.a in Frameworks */ = {isa = PBXBuildFile; fileRef = F9B03537E8C09FC1E49F1CD9 /* libPods-MusmanniTests.a */; };
		F3BE02549185CFF982D5495B /* libPods-Musmanni.a in Frameworks */ = {isa = PBXBuildFile; fileRef = 909C502FF2CDAB6C3FED5199 /* libPods-Musmanni.a */; };
/* End PBXBuildFile section */

/* Begin PBXContainerItemProxy section */
		4CE843661DA5480D00502CC9 /* PBXContainerItemProxy */ = {
			isa = PBXContainerItemProxy;
			containerPortal = 4CE843411DA5480D00502CC9 /* Project object */;
			proxyType = 1;
			remoteGlobalIDString = 4CE843481DA5480D00502CC9;
			remoteInfo = Musmanni;
		};
		4CE843711DA5480D00502CC9 /* PBXContainerItemProxy */ = {
			isa = PBXContainerItemProxy;
			containerPortal = 4CE843411DA5480D00502CC9 /* Project object */;
			proxyType = 1;
			remoteGlobalIDString = 4CE843481DA5480D00502CC9;
			remoteInfo = Musmanni;
		};
/* End PBXContainerItemProxy section */

/* Begin PBXFileReference section */
		02CE35E3F81E177C6C223813 /* Pods-Musmanni.debug.xcconfig */ = {isa = PBXFileReference; includeInIndex = 1; lastKnownFileType = text.xcconfig; name = "Pods-Musmanni.debug.xcconfig"; path = "Pods/Target Support Files/Pods-Musmanni/Pods-Musmanni.debug.xcconfig"; sourceTree = "<group>"; };
		1459DF1FD00284ABAEEC379C /* Pods-MusmanniTests.debug.xcconfig */ = {isa = PBXFileReference; includeInIndex = 1; lastKnownFileType = text.xcconfig; name = "Pods-MusmanniTests.debug.xcconfig"; path = "Pods/Target Support Files/Pods-MusmanniTests/Pods-MusmanniTests.debug.xcconfig"; sourceTree = "<group>"; };
		4C0A8BC91DA5749F008CC9F3 /* Singleton.h */ = {isa = PBXFileReference; fileEncoding = 4; lastKnownFileType = sourcecode.c.h; name = Singleton.h; path = Manager/Singleton.h; sourceTree = "<group>"; };
		4C0A8BCA1DA5749F008CC9F3 /* Singleton.m */ = {isa = PBXFileReference; fileEncoding = 4; lastKnownFileType = sourcecode.c.objc; name = Singleton.m; path = Manager/Singleton.m; sourceTree = "<group>"; };
		4C0A8BCB1DA5749F008CC9F3 /* WSManager.h */ = {isa = PBXFileReference; fileEncoding = 4; lastKnownFileType = sourcecode.c.h; name = WSManager.h; path = Manager/WSManager.h; sourceTree = "<group>"; };
		4C0A8BCC1DA5749F008CC9F3 /* WSManager.m */ = {isa = PBXFileReference; fileEncoding = 4; lastKnownFileType = sourcecode.c.objc; name = WSManager.m; path = Manager/WSManager.m; sourceTree = "<group>"; };
		4C0A8C2F1DA59847008CC9F3 /* LoginViewController.h */ = {isa = PBXFileReference; fileEncoding = 4; lastKnownFileType = sourcecode.c.h; name = LoginViewController.h; path = Controllers/LoginViewController.h; sourceTree = "<group>"; };
		4C0A8C301DA59847008CC9F3 /* LoginViewController.m */ = {isa = PBXFileReference; fileEncoding = 4; lastKnownFileType = sourcecode.c.objc; name = LoginViewController.m; path = Controllers/LoginViewController.m; sourceTree = "<group>"; };
		4C0A8D871DA5AE88008CC9F3 /* Ajustes.png */ = {isa = PBXFileReference; lastKnownFileType = image.png; path = Ajustes.png; sourceTree = "<group>"; };
		4C0A8D881DA5AE88008CC9F3 /* Ajustes@2x.png */ = {isa = PBXFileReference; lastKnownFileType = image.png; path = "Ajustes@2x.png"; sourceTree = "<group>"; };
		4C0A8D891DA5AE88008CC9F3 /* Ajustes@3x.png */ = {isa = PBXFileReference; lastKnownFileType = image.png; path = "Ajustes@3x.png"; sourceTree = "<group>"; };
		4C0A8D8A1DA5AE88008CC9F3 /* Atras.png */ = {isa = PBXFileReference; lastKnownFileType = image.png; path = Atras.png; sourceTree = "<group>"; };
		4C0A8D8B1DA5AE88008CC9F3 /* Atras@2x.png */ = {isa = PBXFileReference; lastKnownFileType = image.png; path = "Atras@2x.png"; sourceTree = "<group>"; };
		4C0A8D8C1DA5AE88008CC9F3 /* Atras@3x.png */ = {isa = PBXFileReference; lastKnownFileType = image.png; path = "Atras@3x.png"; sourceTree = "<group>"; };
		4C0A8D8D1DA5AE88008CC9F3 /* Candado.png */ = {isa = PBXFileReference; lastKnownFileType = image.png; path = Candado.png; sourceTree = "<group>"; };
		4C0A8D8E1DA5AE88008CC9F3 /* Candado@2x.png */ = {isa = PBXFileReference; lastKnownFileType = image.png; path = "Candado@2x.png"; sourceTree = "<group>"; };
		4C0A8D8F1DA5AE88008CC9F3 /* Candado@3x.png */ = {isa = PBXFileReference; lastKnownFileType = image.png; path = "Candado@3x.png"; sourceTree = "<group>"; };
		4C0A8D901DA5AE88008CC9F3 /* Configuraciones.png */ = {isa = PBXFileReference; lastKnownFileType = image.png; path = Configuraciones.png; sourceTree = "<group>"; };
		4C0A8D911DA5AE88008CC9F3 /* Configuraciones@2x.png */ = {isa = PBXFileReference; lastKnownFileType = image.png; path = "Configuraciones@2x.png"; sourceTree = "<group>"; };
		4C0A8D921DA5AE88008CC9F3 /* Configuraciones@3x.png */ = {isa = PBXFileReference; lastKnownFileType = image.png; path = "Configuraciones@3x.png"; sourceTree = "<group>"; };
		4C0A8D931DA5AE88008CC9F3 /* Contacto.png */ = {isa = PBXFileReference; lastKnownFileType = image.png; path = Contacto.png; sourceTree = "<group>"; };
		4C0A8D941DA5AE88008CC9F3 /* Contacto@2x.png */ = {isa = PBXFileReference; lastKnownFileType = image.png; path = "Contacto@2x.png"; sourceTree = "<group>"; };
		4C0A8D951DA5AE88008CC9F3 /* Contacto@3x.png */ = {isa = PBXFileReference; lastKnownFileType = image.png; path = "Contacto@3x.png"; sourceTree = "<group>"; };
		4C0A8D961DA5AE88008CC9F3 /* Facebook.png */ = {isa = PBXFileReference; lastKnownFileType = image.png; path = Facebook.png; sourceTree = "<group>"; };
		4C0A8D971DA5AE88008CC9F3 /* Facebook@2x.png */ = {isa = PBXFileReference; lastKnownFileType = image.png; path = "Facebook@2x.png"; sourceTree = "<group>"; };
		4C0A8D981DA5AE88008CC9F3 /* Facebook@3x.png */ = {isa = PBXFileReference; lastKnownFileType = image.png; path = "Facebook@3x.png"; sourceTree = "<group>"; };
		4C0A8D991DA5AE88008CC9F3 /* fondo.png */ = {isa = PBXFileReference; lastKnownFileType = image.png; path = fondo.png; sourceTree = "<group>"; };
		4C0A8D9A1DA5AE88008CC9F3 /* fondo@2x.png */ = {isa = PBXFileReference; lastKnownFileType = image.png; path = "fondo@2x.png"; sourceTree = "<group>"; };
		4C0A8D9B1DA5AE88008CC9F3 /* fondo@3x.png */ = {isa = PBXFileReference; lastKnownFileType = image.png; path = "fondo@3x.png"; sourceTree = "<group>"; };
		4C0A8D9C1DA5AE88008CC9F3 /* Login lock.png */ = {isa = PBXFileReference; lastKnownFileType = image.png; path = "Login lock.png"; sourceTree = "<group>"; };
		4C0A8D9D1DA5AE88008CC9F3 /* Login lock@2x.png */ = {isa = PBXFileReference; lastKnownFileType = image.png; path = "Login lock@2x.png"; sourceTree = "<group>"; };
		4C0A8D9E1DA5AE88008CC9F3 /* Login lock@3x.png */ = {isa = PBXFileReference; lastKnownFileType = image.png; path = "Login lock@3x.png"; sourceTree = "<group>"; };
		4C0A8D9F1DA5AE88008CC9F3 /* Login mail.png */ = {isa = PBXFileReference; lastKnownFileType = image.png; path = "Login mail.png"; sourceTree = "<group>"; };
		4C0A8DA01DA5AE88008CC9F3 /* Login mail@2x.png */ = {isa = PBXFileReference; lastKnownFileType = image.png; path = "Login mail@2x.png"; sourceTree = "<group>"; };
		4C0A8DA11DA5AE88008CC9F3 /* Login mail@3x.png */ = {isa = PBXFileReference; lastKnownFileType = image.png; path = "Login mail@3x.png"; sourceTree = "<group>"; };
		4C0A8DA21DA5AE88008CC9F3 /* Logo Central.png */ = {isa = PBXFileReference; lastKnownFileType = image.png; path = "Logo Central.png"; sourceTree = "<group>"; };
		4C0A8DA31DA5AE88008CC9F3 /* Logo Central@2x.png */ = {isa = PBXFileReference; lastKnownFileType = image.png; path = "Logo Central@2x.png"; sourceTree = "<group>"; };
		4C0A8DA41DA5AE88008CC9F3 /* Logo Central@3x.png */ = {isa = PBXFileReference; lastKnownFileType = image.png; path = "Logo Central@3x.png"; sourceTree = "<group>"; };
		4C0A8DA51DA5AE88008CC9F3 /* logo.png */ = {isa = PBXFileReference; lastKnownFileType = image.png; path = logo.png; sourceTree = "<group>"; };
		4C0A8DA61DA5AE88008CC9F3 /* logo@2x.png */ = {isa = PBXFileReference; lastKnownFileType = image.png; path = "logo@2x.png"; sourceTree = "<group>"; };
		4C0A8DA71DA5AE88008CC9F3 /* logo@3x.png */ = {isa = PBXFileReference; lastKnownFileType = image.png; path = "logo@3x.png"; sourceTree = "<group>"; };
		4C0A8DA81DA5AE88008CC9F3 /* Mail.png */ = {isa = PBXFileReference; lastKnownFileType = image.png; path = Mail.png; sourceTree = "<group>"; };
		4C0A8DA91DA5AE88008CC9F3 /* Mail@2x.png */ = {isa = PBXFileReference; lastKnownFileType = image.png; path = "Mail@2x.png"; sourceTree = "<group>"; };
		4C0A8DAA1DA5AE88008CC9F3 /* Mail@3x.png */ = {isa = PBXFileReference; lastKnownFileType = image.png; path = "Mail@3x.png"; sourceTree = "<group>"; };
		4C0A8DBA1DA5AE88008CC9F3 /* Web.png */ = {isa = PBXFileReference; lastKnownFileType = image.png; path = Web.png; sourceTree = "<group>"; };
		4C0A8DBB1DA5AE88008CC9F3 /* Web@2x.png */ = {isa = PBXFileReference; lastKnownFileType = image.png; path = "Web@2x.png"; sourceTree = "<group>"; };
		4C0A8DBC1DA5AE88008CC9F3 /* Web@3x.png */ = {isa = PBXFileReference; lastKnownFileType = image.png; path = "Web@3x.png"; sourceTree = "<group>"; };
		4C0A8DF41DA5B25B008CC9F3 /* Oswald-Bold.ttf */ = {isa = PBXFileReference; lastKnownFileType = file; path = "Oswald-Bold.ttf"; sourceTree = "<group>"; };
		4C0A8DF51DA5B25B008CC9F3 /* Oswald-BoldItalic.ttf */ = {isa = PBXFileReference; lastKnownFileType = file; path = "Oswald-BoldItalic.ttf"; sourceTree = "<group>"; };
		4C0A8DF61DA5B25B008CC9F3 /* Oswald-Demi-BoldItalic.ttf */ = {isa = PBXFileReference; lastKnownFileType = file; path = "Oswald-Demi-BoldItalic.ttf"; sourceTree = "<group>"; };
		4C0A8DF71DA5B25B008CC9F3 /* Oswald-DemiBold.ttf */ = {isa = PBXFileReference; lastKnownFileType = file; path = "Oswald-DemiBold.ttf"; sourceTree = "<group>"; };
		4C0A8DF81DA5B25B008CC9F3 /* Oswald-Extra-LightItalic.ttf */ = {isa = PBXFileReference; lastKnownFileType = file; path = "Oswald-Extra-LightItalic.ttf"; sourceTree = "<group>"; };
		4C0A8DF91DA5B25B008CC9F3 /* Oswald-ExtraLight.ttf */ = {isa = PBXFileReference; lastKnownFileType = file; path = "Oswald-ExtraLight.ttf"; sourceTree = "<group>"; };
		4C0A8DFA1DA5B25B008CC9F3 /* Oswald-Heavy.ttf */ = {isa = PBXFileReference; lastKnownFileType = file; path = "Oswald-Heavy.ttf"; sourceTree = "<group>"; };
		4C0A8DFB1DA5B25B008CC9F3 /* Oswald-HeavyItalic.ttf */ = {isa = PBXFileReference; lastKnownFileType = file; path = "Oswald-HeavyItalic.ttf"; sourceTree = "<group>"; };
		4C0A8DFC1DA5B25B008CC9F3 /* Oswald-Light.ttf */ = {isa = PBXFileReference; lastKnownFileType = file; path = "Oswald-Light.ttf"; sourceTree = "<group>"; };
		4C0A8DFD1DA5B25B008CC9F3 /* Oswald-LightItalic.ttf */ = {isa = PBXFileReference; lastKnownFileType = file; path = "Oswald-LightItalic.ttf"; sourceTree = "<group>"; };
		4C0A8DFE1DA5B25B008CC9F3 /* Oswald-Medium.ttf */ = {isa = PBXFileReference; lastKnownFileType = file; path = "Oswald-Medium.ttf"; sourceTree = "<group>"; };
		4C0A8DFF1DA5B25B008CC9F3 /* Oswald-MediumItalic.ttf */ = {isa = PBXFileReference; lastKnownFileType = file; path = "Oswald-MediumItalic.ttf"; sourceTree = "<group>"; };
		4C0A8E001DA5B25B008CC9F3 /* Oswald-Regular.ttf */ = {isa = PBXFileReference; lastKnownFileType = file; path = "Oswald-Regular.ttf"; sourceTree = "<group>"; };
		4C0A8E011DA5B25B008CC9F3 /* Oswald-RegularItalic.ttf */ = {isa = PBXFileReference; lastKnownFileType = file; path = "Oswald-RegularItalic.ttf"; sourceTree = "<group>"; };
		4C0A8E021DA5B25B008CC9F3 /* Oswald-Stencil.ttf */ = {isa = PBXFileReference; lastKnownFileType = file; path = "Oswald-Stencil.ttf"; sourceTree = "<group>"; };
		4C0C88CE1DAE7F61003FEA49 /* MapaViewController.h */ = {isa = PBXFileReference; fileEncoding = 4; lastKnownFileType = sourcecode.c.h; name = MapaViewController.h; path = Controllers/MapaViewController.h; sourceTree = "<group>"; };
		4C0C88CF1DAE7F61003FEA49 /* MapaViewController.m */ = {isa = PBXFileReference; fileEncoding = 4; lastKnownFileType = sourcecode.c.objc; name = MapaViewController.m; path = Controllers/MapaViewController.m; sourceTree = "<group>"; };
		4C0C88D11DAE9375003FEA49 /* estrella_amarilla.png */ = {isa = PBXFileReference; lastKnownFileType = image.png; path = estrella_amarilla.png; sourceTree = "<group>"; };
		4C0C88D21DAE9375003FEA49 /* estrella_amarilla@2x.png */ = {isa = PBXFileReference; lastKnownFileType = image.png; path = "estrella_amarilla@2x.png"; sourceTree = "<group>"; };
		4C0C88D31DAE9375003FEA49 /* estrella_amarilla@3x.png */ = {isa = PBXFileReference; lastKnownFileType = image.png; path = "estrella_amarilla@3x.png"; sourceTree = "<group>"; };
		4C0C88D41DAE9375003FEA49 /* estrella_oscura.png */ = {isa = PBXFileReference; lastKnownFileType = image.png; path = estrella_oscura.png; sourceTree = "<group>"; };
		4C0C88D51DAE9375003FEA49 /* estrella_oscura@2x.png */ = {isa = PBXFileReference; lastKnownFileType = image.png; path = "estrella_oscura@2x.png"; sourceTree = "<group>"; };
		4C0C88D61DAE9375003FEA49 /* estrella_oscura@3x.png */ = {isa = PBXFileReference; lastKnownFileType = image.png; path = "estrella_oscura@3x.png"; sourceTree = "<group>"; };
		4C0C88DD1DAE9B7E003FEA49 /* ContactenosViewController.h */ = {isa = PBXFileReference; fileEncoding = 4; lastKnownFileType = sourcecode.c.h; name = ContactenosViewController.h; path = Controllers/ContactenosViewController.h; sourceTree = "<group>"; };
		4C0C88DE1DAE9B7E003FEA49 /* ContactenosViewController.m */ = {isa = PBXFileReference; fileEncoding = 4; lastKnownFileType = sourcecode.c.objc; name = ContactenosViewController.m; path = Controllers/ContactenosViewController.m; sourceTree = "<group>"; };
		4C0C88E21DAE9CBD003FEA49 /* ContactenosTableViewCell.h */ = {isa = PBXFileReference; fileEncoding = 4; lastKnownFileType = sourcecode.c.h; name = ContactenosTableViewCell.h; path = Cells/ContactenosTableViewCell.h; sourceTree = "<group>"; };
		4C0C88E31DAE9CBD003FEA49 /* ContactenosTableViewCell.m */ = {isa = PBXFileReference; fileEncoding = 4; lastKnownFileType = sourcecode.c.objc; name = ContactenosTableViewCell.m; path = Cells/ContactenosTableViewCell.m; sourceTree = "<group>"; };
		4C0C88E41DAE9CBD003FEA49 /* ContactenosTableViewCell.xib */ = {isa = PBXFileReference; fileEncoding = 4; lastKnownFileType = file.xib; name = ContactenosTableViewCell.xib; path = Cells/ContactenosTableViewCell.xib; sourceTree = "<group>"; };
		4C1C3EB11DA86BC8009A167D /* fondo_monedero.png */ = {isa = PBXFileReference; lastKnownFileType = image.png; path = fondo_monedero.png; sourceTree = "<group>"; };
		4C1C3EB21DA86BC8009A167D /* fondo_monedero@2x.png */ = {isa = PBXFileReference; lastKnownFileType = image.png; path = "fondo_monedero@2x.png"; sourceTree = "<group>"; };
		4C1C3EB31DA86BC8009A167D /* fondo_monedero@3x.png */ = {isa = PBXFileReference; lastKnownFileType = image.png; path = "fondo_monedero@3x.png"; sourceTree = "<group>"; };
		4C1C3EB71DA86C3C009A167D /* MonederoViewController.h */ = {isa = PBXFileReference; fileEncoding = 4; lastKnownFileType = sourcecode.c.h; name = MonederoViewController.h; path = Controllers/MonederoViewController.h; sourceTree = "<group>"; };
		4C1C3EB81DA86C3C009A167D /* MonederoViewController.m */ = {isa = PBXFileReference; fileEncoding = 4; lastKnownFileType = sourcecode.c.objc; name = MonederoViewController.m; path = Controllers/MonederoViewController.m; sourceTree = "<group>"; };
		4C1C3EC71DA87F17009A167D /* recargas.png */ = {isa = PBXFileReference; lastKnownFileType = image.png; path = recargas.png; sourceTree = "<group>"; };
		4C1C3EC81DA87F17009A167D /* recargas@2x.png */ = {isa = PBXFileReference; lastKnownFileType = image.png; path = "recargas@2x.png"; sourceTree = "<group>"; };
		4C1C3EC91DA87F17009A167D /* recargas@3x.png */ = {isa = PBXFileReference; lastKnownFileType = image.png; path = "recargas@3x.png"; sourceTree = "<group>"; };
		4C1C3EDC1DA8805A009A167D /* ubicaciones.png */ = {isa = PBXFileReference; lastKnownFileType = image.png; path = ubicaciones.png; sourceTree = "<group>"; };
		4C1C3EDD1DA8805A009A167D /* ubicaciones@2x.png */ = {isa = PBXFileReference; lastKnownFileType = image.png; path = "ubicaciones@2x.png"; sourceTree = "<group>"; };
		4C1C3EDE1DA8805A009A167D /* ubicaciones@3x.png */ = {isa = PBXFileReference; lastKnownFileType = image.png; path = "ubicaciones@3x.png"; sourceTree = "<group>"; };
		4C1C3EE21DA880AE009A167D /* promociones.png */ = {isa = PBXFileReference; lastKnownFileType = image.png; path = promociones.png; sourceTree = "<group>"; };
		4C1C3EE31DA880AE009A167D /* promociones@2x.png */ = {isa = PBXFileReference; lastKnownFileType = image.png; path = "promociones@2x.png"; sourceTree = "<group>"; };
		4C1C3EE41DA880AE009A167D /* promociones@3x.png */ = {isa = PBXFileReference; lastKnownFileType = image.png; path = "promociones@3x.png"; sourceTree = "<group>"; };
		4C1C3EEE1DA88241009A167D /* telefono.png */ = {isa = PBXFileReference; lastKnownFileType = image.png; path = telefono.png; sourceTree = "<group>"; };
		4C1C3EEF1DA88241009A167D /* telefono@2x.png */ = {isa = PBXFileReference; lastKnownFileType = image.png; path = "telefono@2x.png"; sourceTree = "<group>"; };
		4C1C3EF01DA88241009A167D /* telefono@3x.png */ = {isa = PBXFileReference; lastKnownFileType = image.png; path = "telefono@3x.png"; sourceTree = "<group>"; };
		4C7EB94F1DAC393D00A8875D /* blank-profile-picture-973460_960_720.png */ = {isa = PBXFileReference; lastKnownFileType = image.png; path = "blank-profile-picture-973460_960_720.png"; sourceTree = "<group>"; };
		4C891E4D1DAD6CFC002578C2 /* fondo_contacto.png */ = {isa = PBXFileReference; lastKnownFileType = image.png; path = fondo_contacto.png; sourceTree = "<group>"; };
		4C891E4E1DAD6CFC002578C2 /* fondo_contacto@2x.png */ = {isa = PBXFileReference; lastKnownFileType = image.png; path = "fondo_contacto@2x.png"; sourceTree = "<group>"; };
		4C891E4F1DAD6CFC002578C2 /* fondo_contacto@3x.png */ = {isa = PBXFileReference; lastKnownFileType = image.png; path = "fondo_contacto@3x.png"; sourceTree = "<group>"; };
		4C891E591DAD7153002578C2 /* telefono_contactenos.png */ = {isa = PBXFileReference; lastKnownFileType = image.png; path = telefono_contactenos.png; sourceTree = "<group>"; };
		4C891E5A1DAD7153002578C2 /* telefono_contactenos@2x.png */ = {isa = PBXFileReference; lastKnownFileType = image.png; path = "telefono_contactenos@2x.png"; sourceTree = "<group>"; };
		4C891E5B1DAD7153002578C2 /* telefono_contactenos@3x.png */ = {isa = PBXFileReference; lastKnownFileType = image.png; path = "telefono_contactenos@3x.png"; sourceTree = "<group>"; };
		4C93DB7D1DABDC2400E7CFF9 /* monedero.png */ = {isa = PBXFileReference; lastKnownFileType = image.png; path = monedero.png; sourceTree = "<group>"; };
		4C93DB7E1DABDC2400E7CFF9 /* monedero@2x.png */ = {isa = PBXFileReference; lastKnownFileType = image.png; path = "monedero@2x.png"; sourceTree = "<group>"; };
		4C93DB7F1DABDC2400E7CFF9 /* monedero@3x.png */ = {isa = PBXFileReference; lastKnownFileType = image.png; path = "monedero@3x.png"; sourceTree = "<group>"; };
		4CE843491DA5480D00502CC9 /* Musmanni.app */ = {isa = PBXFileReference; explicitFileType = wrapper.application; includeInIndex = 0; path = Musmanni.app; sourceTree = BUILT_PRODUCTS_DIR; };
		4CE8434D1DA5480D00502CC9 /* main.m */ = {isa = PBXFileReference; lastKnownFileType = sourcecode.c.objc; path = main.m; sourceTree = "<group>"; };
		4CE8434F1DA5480D00502CC9 /* AppDelegate.h */ = {isa = PBXFileReference; lastKnownFileType = sourcecode.c.h; path = AppDelegate.h; sourceTree = "<group>"; };
		4CE843501DA5480D00502CC9 /* AppDelegate.m */ = {isa = PBXFileReference; lastKnownFileType = sourcecode.c.objc; path = AppDelegate.m; sourceTree = "<group>"; };
		4CE843521DA5480D00502CC9 /* ViewController.h */ = {isa = PBXFileReference; lastKnownFileType = sourcecode.c.h; path = ViewController.h; sourceTree = "<group>"; };
		4CE843531DA5480D00502CC9 /* ViewController.m */ = {isa = PBXFileReference; lastKnownFileType = sourcecode.c.objc; path = ViewController.m; sourceTree = "<group>"; };
		4CE843561DA5480D00502CC9 /* Base */ = {isa = PBXFileReference; lastKnownFileType = file.storyboard; name = Base; path = Base.lproj/Main.storyboard; sourceTree = "<group>"; };
		4CE843591DA5480D00502CC9 /* Musmanni.xcdatamodel */ = {isa = PBXFileReference; lastKnownFileType = wrapper.xcdatamodel; path = Musmanni.xcdatamodel; sourceTree = "<group>"; };
		4CE8435B1DA5480D00502CC9 /* Assets.xcassets */ = {isa = PBXFileReference; lastKnownFileType = folder.assetcatalog; path = Assets.xcassets; sourceTree = "<group>"; };
		4CE8435E1DA5480D00502CC9 /* Base */ = {isa = PBXFileReference; lastKnownFileType = file.storyboard; name = Base; path = Base.lproj/LaunchScreen.storyboard; sourceTree = "<group>"; };
		4CE843601DA5480D00502CC9 /* Info.plist */ = {isa = PBXFileReference; lastKnownFileType = text.plist.xml; path = Info.plist; sourceTree = "<group>"; };
		4CE843651DA5480D00502CC9 /* MusmanniTests.xctest */ = {isa = PBXFileReference; explicitFileType = wrapper.cfbundle; includeInIndex = 0; path = MusmanniTests.xctest; sourceTree = BUILT_PRODUCTS_DIR; };
		4CE843691DA5480D00502CC9 /* MusmanniTests.m */ = {isa = PBXFileReference; lastKnownFileType = sourcecode.c.objc; path = MusmanniTests.m; sourceTree = "<group>"; };
		4CE8436B1DA5480D00502CC9 /* Info.plist */ = {isa = PBXFileReference; lastKnownFileType = text.plist.xml; path = Info.plist; sourceTree = "<group>"; };
		4CE843701DA5480D00502CC9 /* MusmanniUITests.xctest */ = {isa = PBXFileReference; explicitFileType = wrapper.cfbundle; includeInIndex = 0; path = MusmanniUITests.xctest; sourceTree = BUILT_PRODUCTS_DIR; };
		4CE843741DA5480D00502CC9 /* MusmanniUITests.m */ = {isa = PBXFileReference; lastKnownFileType = sourcecode.c.objc; path = MusmanniUITests.m; sourceTree = "<group>"; };
		4CE843761DA5480D00502CC9 /* Info.plist */ = {isa = PBXFileReference; lastKnownFileType = text.plist.xml; path = Info.plist; sourceTree = "<group>"; };
		4CE843821DA5485900502CC9 /* Musmanni.entitlements */ = {isa = PBXFileReference; lastKnownFileType = text.plist.entitlements; path = Musmanni.entitlements; sourceTree = "<group>"; };
		4CE843841DA5486300502CC9 /* MapKit.framework */ = {isa = PBXFileReference; lastKnownFileType = wrapper.framework; name = MapKit.framework; path = System/Library/Frameworks/MapKit.framework; sourceTree = SDKROOT; };
		594FEDF291A57A01BAA66C5E /* Pods-Musmanni.release.xcconfig */ = {isa = PBXFileReference; includeInIndex = 1; lastKnownFileType = text.xcconfig; name = "Pods-Musmanni.release.xcconfig"; path = "Pods/Target Support Files/Pods-Musmanni/Pods-Musmanni.release.xcconfig"; sourceTree = "<group>"; };
		694119BB3CA1AD9EC9C6528E /* Pods-MusmanniUITests.release.xcconfig */ = {isa = PBXFileReference; includeInIndex = 1; lastKnownFileType = text.xcconfig; name = "Pods-MusmanniUITests.release.xcconfig"; path = "Pods/Target Support Files/Pods-MusmanniUITests/Pods-MusmanniUITests.release.xcconfig"; sourceTree = "<group>"; };
		906C629B436314503A519208 /* Pods-MusmanniUITests.debug.xcconfig */ = {isa = PBXFileReference; includeInIndex = 1; lastKnownFileType = text.xcconfig; name = "Pods-MusmanniUITests.debug.xcconfig"; path = "Pods/Target Support Files/Pods-MusmanniUITests/Pods-MusmanniUITests.debug.xcconfig"; sourceTree = "<group>"; };
		909C502FF2CDAB6C3FED5199 /* libPods-Musmanni.a */ = {isa = PBXFileReference; explicitFileType = archive.ar; includeInIndex = 0; path = "libPods-Musmanni.a"; sourceTree = BUILT_PRODUCTS_DIR; };
		DC8F109A2F1A850A2D9544B8 /* libPods-MusmanniUITests.a */ = {isa = PBXFileReference; explicitFileType = archive.ar; includeInIndex = 0; path = "libPods-MusmanniUITests.a"; sourceTree = BUILT_PRODUCTS_DIR; };
		F47E4CA2808C5B68AB347C17 /* Pods-MusmanniTests.release.xcconfig */ = {isa = PBXFileReference; includeInIndex = 1; lastKnownFileType = text.xcconfig; name = "Pods-MusmanniTests.release.xcconfig"; path = "Pods/Target Support Files/Pods-MusmanniTests/Pods-MusmanniTests.release.xcconfig"; sourceTree = "<group>"; };
		F9B03537E8C09FC1E49F1CD9 /* libPods-MusmanniTests.a */ = {isa = PBXFileReference; explicitFileType = archive.ar; includeInIndex = 0; path = "libPods-MusmanniTests.a"; sourceTree = BUILT_PRODUCTS_DIR; };
/* End PBXFileReference section */

/* Begin PBXFrameworksBuildPhase section */
		4CE843461DA5480D00502CC9 /* Frameworks */ = {
			isa = PBXFrameworksBuildPhase;
			buildActionMask = 2147483647;
			files = (
				4CE843851DA5486300502CC9 /* MapKit.framework in Frameworks */,
				F3BE02549185CFF982D5495B /* libPods-Musmanni.a in Frameworks */,
			);
			runOnlyForDeploymentPostprocessing = 0;
		};
		4CE843621DA5480D00502CC9 /* Frameworks */ = {
			isa = PBXFrameworksBuildPhase;
			buildActionMask = 2147483647;
			files = (
				E6DC0166DA1E17835DBC4A6A /* libPods-MusmanniTests.a in Frameworks */,
			);
			runOnlyForDeploymentPostprocessing = 0;
		};
		4CE8436D1DA5480D00502CC9 /* Frameworks */ = {
			isa = PBXFrameworksBuildPhase;
			buildActionMask = 2147483647;
			files = (
				A7C7F4E27165CBFCCF53EBE9 /* libPods-MusmanniUITests.a in Frameworks */,
			);
			runOnlyForDeploymentPostprocessing = 0;
		};
/* End PBXFrameworksBuildPhase section */

/* Begin PBXGroup section */
		0C6F6304DC5951B9EBB292FE /* Pods */ = {
			isa = PBXGroup;
			children = (
				02CE35E3F81E177C6C223813 /* Pods-Musmanni.debug.xcconfig */,
				594FEDF291A57A01BAA66C5E /* Pods-Musmanni.release.xcconfig */,
				1459DF1FD00284ABAEEC379C /* Pods-MusmanniTests.debug.xcconfig */,
				F47E4CA2808C5B68AB347C17 /* Pods-MusmanniTests.release.xcconfig */,
				906C629B436314503A519208 /* Pods-MusmanniUITests.debug.xcconfig */,
				694119BB3CA1AD9EC9C6528E /* Pods-MusmanniUITests.release.xcconfig */,
			);
			name = Pods;
			sourceTree = "<group>";
		};
		4C0A8BC71DA5746F008CC9F3 /* Controllers */ = {
			isa = PBXGroup;
			children = (
				4C0A8C2F1DA59847008CC9F3 /* LoginViewController.h */,
				4C0A8C301DA59847008CC9F3 /* LoginViewController.m */,
				4C1C3EB71DA86C3C009A167D /* MonederoViewController.h */,
				4C1C3EB81DA86C3C009A167D /* MonederoViewController.m */,
				4C0C88CE1DAE7F61003FEA49 /* MapaViewController.h */,
				4C0C88CF1DAE7F61003FEA49 /* MapaViewController.m */,
				4C0C88DD1DAE9B7E003FEA49 /* ContactenosViewController.h */,
				4C0C88DE1DAE9B7E003FEA49 /* ContactenosViewController.m */,
			);
			name = Controllers;
			sourceTree = "<group>";
		};
		4C0A8BC81DA57479008CC9F3 /* Manager */ = {
			isa = PBXGroup;
			children = (
				4C0A8BC91DA5749F008CC9F3 /* Singleton.h */,
				4C0A8BCA1DA5749F008CC9F3 /* Singleton.m */,
				4C0A8BCB1DA5749F008CC9F3 /* WSManager.h */,
				4C0A8BCC1DA5749F008CC9F3 /* WSManager.m */,
			);
			name = Manager;
			sourceTree = "<group>";
		};
		4C0A8BCF1DA58341008CC9F3 /* Resources */ = {
			isa = PBXGroup;
			children = (
				4C0A8DF31DA5B1FE008CC9F3 /* Fonts */,
				4C0A8D841DA5AE67008CC9F3 /* Images */,
			);
			name = Resources;
			sourceTree = "<group>";
		};
		4C0A8D841DA5AE67008CC9F3 /* Images */ = {
			isa = PBXGroup;
			children = (
				4C0C88D11DAE9375003FEA49 /* estrella_amarilla.png */,
				4C0C88D21DAE9375003FEA49 /* estrella_amarilla@2x.png */,
				4C0C88D31DAE9375003FEA49 /* estrella_amarilla@3x.png */,
				4C0C88D41DAE9375003FEA49 /* estrella_oscura.png */,
				4C0C88D51DAE9375003FEA49 /* estrella_oscura@2x.png */,
				4C0C88D61DAE9375003FEA49 /* estrella_oscura@3x.png */,
				4C891E591DAD7153002578C2 /* telefono_contactenos.png */,
				4C891E5A1DAD7153002578C2 /* telefono_contactenos@2x.png */,
				4C891E5B1DAD7153002578C2 /* telefono_contactenos@3x.png */,
				4C891E4D1DAD6CFC002578C2 /* fondo_contacto.png */,
				4C891E4E1DAD6CFC002578C2 /* fondo_contacto@2x.png */,
				4C891E4F1DAD6CFC002578C2 /* fondo_contacto@3x.png */,
				4C7EB94F1DAC393D00A8875D /* blank-profile-picture-973460_960_720.png */,
				4C93DB7D1DABDC2400E7CFF9 /* monedero.png */,
				4C93DB7E1DABDC2400E7CFF9 /* monedero@2x.png */,
				4C93DB7F1DABDC2400E7CFF9 /* monedero@3x.png */,
				4C1C3EEE1DA88241009A167D /* telefono.png */,
				4C1C3EEF1DA88241009A167D /* telefono@2x.png */,
				4C1C3EF01DA88241009A167D /* telefono@3x.png */,
				4C1C3EE21DA880AE009A167D /* promociones.png */,
				4C1C3EE31DA880AE009A167D /* promociones@2x.png */,
				4C1C3EE41DA880AE009A167D /* promociones@3x.png */,
				4C1C3EDC1DA8805A009A167D /* ubicaciones.png */,
				4C1C3EDD1DA8805A009A167D /* ubicaciones@2x.png */,
				4C1C3EDE1DA8805A009A167D /* ubicaciones@3x.png */,
				4C1C3EC71DA87F17009A167D /* recargas.png */,
				4C1C3EC81DA87F17009A167D /* recargas@2x.png */,
				4C1C3EC91DA87F17009A167D /* recargas@3x.png */,
				4C1C3EB11DA86BC8009A167D /* fondo_monedero.png */,
				4C1C3EB21DA86BC8009A167D /* fondo_monedero@2x.png */,
				4C1C3EB31DA86BC8009A167D /* fondo_monedero@3x.png */,
				4C0A8D871DA5AE88008CC9F3 /* Ajustes.png */,
				4C0A8D881DA5AE88008CC9F3 /* Ajustes@2x.png */,
				4C0A8D891DA5AE88008CC9F3 /* Ajustes@3x.png */,
				4C0A8D8A1DA5AE88008CC9F3 /* Atras.png */,
				4C0A8D8B1DA5AE88008CC9F3 /* Atras@2x.png */,
				4C0A8D8C1DA5AE88008CC9F3 /* Atras@3x.png */,
				4C0A8D8D1DA5AE88008CC9F3 /* Candado.png */,
				4C0A8D8E1DA5AE88008CC9F3 /* Candado@2x.png */,
				4C0A8D8F1DA5AE88008CC9F3 /* Candado@3x.png */,
				4C0A8D901DA5AE88008CC9F3 /* Configuraciones.png */,
				4C0A8D911DA5AE88008CC9F3 /* Configuraciones@2x.png */,
				4C0A8D921DA5AE88008CC9F3 /* Configuraciones@3x.png */,
				4C0A8D931DA5AE88008CC9F3 /* Contacto.png */,
				4C0A8D941DA5AE88008CC9F3 /* Contacto@2x.png */,
				4C0A8D951DA5AE88008CC9F3 /* Contacto@3x.png */,
				4C0A8D961DA5AE88008CC9F3 /* Facebook.png */,
				4C0A8D971DA5AE88008CC9F3 /* Facebook@2x.png */,
				4C0A8D981DA5AE88008CC9F3 /* Facebook@3x.png */,
				4C0A8D991DA5AE88008CC9F3 /* fondo.png */,
				4C0A8D9A1DA5AE88008CC9F3 /* fondo@2x.png */,
				4C0A8D9B1DA5AE88008CC9F3 /* fondo@3x.png */,
				4C0A8D9C1DA5AE88008CC9F3 /* Login lock.png */,
				4C0A8D9D1DA5AE88008CC9F3 /* Login lock@2x.png */,
				4C0A8D9E1DA5AE88008CC9F3 /* Login lock@3x.png */,
				4C0A8D9F1DA5AE88008CC9F3 /* Login mail.png */,
				4C0A8DA01DA5AE88008CC9F3 /* Login mail@2x.png */,
				4C0A8DA11DA5AE88008CC9F3 /* Login mail@3x.png */,
				4C0A8DA21DA5AE88008CC9F3 /* Logo Central.png */,
				4C0A8DA31DA5AE88008CC9F3 /* Logo Central@2x.png */,
				4C0A8DA41DA5AE88008CC9F3 /* Logo Central@3x.png */,
				4C0A8DA51DA5AE88008CC9F3 /* logo.png */,
				4C0A8DA61DA5AE88008CC9F3 /* logo@2x.png */,
				4C0A8DA71DA5AE88008CC9F3 /* logo@3x.png */,
				4C0A8DA81DA5AE88008CC9F3 /* Mail.png */,
				4C0A8DA91DA5AE88008CC9F3 /* Mail@2x.png */,
				4C0A8DAA1DA5AE88008CC9F3 /* Mail@3x.png */,
				4C0A8DBA1DA5AE88008CC9F3 /* Web.png */,
				4C0A8DBB1DA5AE88008CC9F3 /* Web@2x.png */,
				4C0A8DBC1DA5AE88008CC9F3 /* Web@3x.png */,
			);
			name = Images;
			sourceTree = "<group>";
		};
		4C0A8DF31DA5B1FE008CC9F3 /* Fonts */ = {
			isa = PBXGroup;
			children = (
				4C0A8DF41DA5B25B008CC9F3 /* Oswald-Bold.ttf */,
				4C0A8DF51DA5B25B008CC9F3 /* Oswald-BoldItalic.ttf */,
				4C0A8DF61DA5B25B008CC9F3 /* Oswald-Demi-BoldItalic.ttf */,
				4C0A8DF71DA5B25B008CC9F3 /* Oswald-DemiBold.ttf */,
				4C0A8DF81DA5B25B008CC9F3 /* Oswald-Extra-LightItalic.ttf */,
				4C0A8DF91DA5B25B008CC9F3 /* Oswald-ExtraLight.ttf */,
				4C0A8DFA1DA5B25B008CC9F3 /* Oswald-Heavy.ttf */,
				4C0A8DFB1DA5B25B008CC9F3 /* Oswald-HeavyItalic.ttf */,
				4C0A8DFC1DA5B25B008CC9F3 /* Oswald-Light.ttf */,
				4C0A8DFD1DA5B25B008CC9F3 /* Oswald-LightItalic.ttf */,
				4C0A8DFE1DA5B25B008CC9F3 /* Oswald-Medium.ttf */,
				4C0A8DFF1DA5B25B008CC9F3 /* Oswald-MediumItalic.ttf */,
				4C0A8E001DA5B25B008CC9F3 /* Oswald-Regular.ttf */,
				4C0A8E011DA5B25B008CC9F3 /* Oswald-RegularItalic.ttf */,
				4C0A8E021DA5B25B008CC9F3 /* Oswald-Stencil.ttf */,
			);
			name = Fonts;
			sourceTree = "<group>";
		};
		4C0C88E11DAE9C64003FEA49 /* Cells */ = {
			isa = PBXGroup;
			children = (
				4C0C88E21DAE9CBD003FEA49 /* ContactenosTableViewCell.h */,
				4C0C88E31DAE9CBD003FEA49 /* ContactenosTableViewCell.m */,
				4C0C88E41DAE9CBD003FEA49 /* ContactenosTableViewCell.xib */,
			);
			name = Cells;
			sourceTree = "<group>";
		};
		4CE843401DA5480D00502CC9 = {
			isa = PBXGroup;
			children = (
				4CE8434B1DA5480D00502CC9 /* Musmanni */,
				4CE843681DA5480D00502CC9 /* MusmanniTests */,
				4CE843731DA5480D00502CC9 /* MusmanniUITests */,
				4CE8434A1DA5480D00502CC9 /* Products */,
				4CE843831DA5486300502CC9 /* Frameworks */,
				0C6F6304DC5951B9EBB292FE /* Pods */,
			);
			sourceTree = "<group>";
		};
		4CE8434A1DA5480D00502CC9 /* Products */ = {
			isa = PBXGroup;
			children = (
				4CE843491DA5480D00502CC9 /* Musmanni.app */,
				4CE843651DA5480D00502CC9 /* MusmanniTests.xctest */,
				4CE843701DA5480D00502CC9 /* MusmanniUITests.xctest */,
			);
			name = Products;
			sourceTree = "<group>";
		};
		4CE8434B1DA5480D00502CC9 /* Musmanni */ = {
			isa = PBXGroup;
			children = (
				4C0C88E11DAE9C64003FEA49 /* Cells */,
				4C0A8BCF1DA58341008CC9F3 /* Resources */,
				4C0A8BC81DA57479008CC9F3 /* Manager */,
				4C0A8BC71DA5746F008CC9F3 /* Controllers */,
				4CE843821DA5485900502CC9 /* Musmanni.entitlements */,
				4CE8434F1DA5480D00502CC9 /* AppDelegate.h */,
				4CE843501DA5480D00502CC9 /* AppDelegate.m */,
				4CE843521DA5480D00502CC9 /* ViewController.h */,
				4CE843531DA5480D00502CC9 /* ViewController.m */,
				4CE843551DA5480D00502CC9 /* Main.storyboard */,
				4CE8435B1DA5480D00502CC9 /* Assets.xcassets */,
				4CE8435D1DA5480D00502CC9 /* LaunchScreen.storyboard */,
				4CE843601DA5480D00502CC9 /* Info.plist */,
				4CE843581DA5480D00502CC9 /* Musmanni.xcdatamodeld */,
				4CE8434C1DA5480D00502CC9 /* Supporting Files */,
			);
			path = Musmanni;
			sourceTree = "<group>";
		};
		4CE8434C1DA5480D00502CC9 /* Supporting Files */ = {
			isa = PBXGroup;
			children = (
				4CE8434D1DA5480D00502CC9 /* main.m */,
			);
			name = "Supporting Files";
			sourceTree = "<group>";
		};
		4CE843681DA5480D00502CC9 /* MusmanniTests */ = {
			isa = PBXGroup;
			children = (
				4CE843691DA5480D00502CC9 /* MusmanniTests.m */,
				4CE8436B1DA5480D00502CC9 /* Info.plist */,
			);
			path = MusmanniTests;
			sourceTree = "<group>";
		};
		4CE843731DA5480D00502CC9 /* MusmanniUITests */ = {
			isa = PBXGroup;
			children = (
				4CE843741DA5480D00502CC9 /* MusmanniUITests.m */,
				4CE843761DA5480D00502CC9 /* Info.plist */,
			);
			path = MusmanniUITests;
			sourceTree = "<group>";
		};
		4CE843831DA5486300502CC9 /* Frameworks */ = {
			isa = PBXGroup;
			children = (
				4CE843841DA5486300502CC9 /* MapKit.framework */,
				909C502FF2CDAB6C3FED5199 /* libPods-Musmanni.a */,
				F9B03537E8C09FC1E49F1CD9 /* libPods-MusmanniTests.a */,
				DC8F109A2F1A850A2D9544B8 /* libPods-MusmanniUITests.a */,
			);
			name = Frameworks;
			sourceTree = "<group>";
		};
/* End PBXGroup section */

/* Begin PBXNativeTarget section */
		4CE843481DA5480D00502CC9 /* Musmanni */ = {
			isa = PBXNativeTarget;
			buildConfigurationList = 4CE843791DA5480D00502CC9 /* Build configuration list for PBXNativeTarget "Musmanni" */;
			buildPhases = (
				76E0E52290B4B74925373042 /* [CP] Check Pods Manifest.lock */,
				4CE843451DA5480D00502CC9 /* Sources */,
				4CE843461DA5480D00502CC9 /* Frameworks */,
				4CE843471DA5480D00502CC9 /* Resources */,
				CD1499B7DB4316C0E2C03A7B /* [CP] Embed Pods Frameworks */,
				DFB444E8276E44493460A434 /* [CP] Copy Pods Resources */,
			);
			buildRules = (
			);
			dependencies = (
			);
			name = Musmanni;
			productName = Musmanni;
			productReference = 4CE843491DA5480D00502CC9 /* Musmanni.app */;
			productType = "com.apple.product-type.application";
		};
		4CE843641DA5480D00502CC9 /* MusmanniTests */ = {
			isa = PBXNativeTarget;
			buildConfigurationList = 4CE8437C1DA5480D00502CC9 /* Build configuration list for PBXNativeTarget "MusmanniTests" */;
			buildPhases = (
				1ADC059B590B6F5BAA95DA7F /* [CP] Check Pods Manifest.lock */,
				4CE843611DA5480D00502CC9 /* Sources */,
				4CE843621DA5480D00502CC9 /* Frameworks */,
				4CE843631DA5480D00502CC9 /* Resources */,
				139C34F16A7E80DA46A186CE /* [CP] Embed Pods Frameworks */,
				CA124159B88CAB33C8987A87 /* [CP] Copy Pods Resources */,
			);
			buildRules = (
			);
			dependencies = (
				4CE843671DA5480D00502CC9 /* PBXTargetDependency */,
			);
			name = MusmanniTests;
			productName = MusmanniTests;
			productReference = 4CE843651DA5480D00502CC9 /* MusmanniTests.xctest */;
			productType = "com.apple.product-type.bundle.unit-test";
		};
		4CE8436F1DA5480D00502CC9 /* MusmanniUITests */ = {
			isa = PBXNativeTarget;
			buildConfigurationList = 4CE8437F1DA5480D00502CC9 /* Build configuration list for PBXNativeTarget "MusmanniUITests" */;
			buildPhases = (
				84FC683ED8BA10D11486C1D5 /* [CP] Check Pods Manifest.lock */,
				4CE8436C1DA5480D00502CC9 /* Sources */,
				4CE8436D1DA5480D00502CC9 /* Frameworks */,
				4CE8436E1DA5480D00502CC9 /* Resources */,
				AC9741A1BD6BD93560A4EEA2 /* [CP] Copy Pods Resources */,
			);
			buildRules = (
			);
			dependencies = (
				4CE843721DA5480D00502CC9 /* PBXTargetDependency */,
			);
			name = MusmanniUITests;
			productName = MusmanniUITests;
			productReference = 4CE843701DA5480D00502CC9 /* MusmanniUITests.xctest */;
			productType = "com.apple.product-type.bundle.ui-testing";
		};
/* End PBXNativeTarget section */

/* Begin PBXProject section */
		4CE843411DA5480D00502CC9 /* Project object */ = {
			isa = PBXProject;
			attributes = {
				LastUpgradeCheck = 0800;
				ORGANIZATIONNAME = "Florida Bebidas";
				TargetAttributes = {
					4CE843481DA5480D00502CC9 = {
						CreatedOnToolsVersion = 8.0;
						DevelopmentTeam = 5YEZP3WG9S;
						ProvisioningStyle = Automatic;
						SystemCapabilities = {
							com.apple.Maps.iOS = {
								enabled = 1;
							};
							com.apple.Push = {
								enabled = 1;
							};
						};
					};
					4CE843641DA5480D00502CC9 = {
						CreatedOnToolsVersion = 8.0;
						DevelopmentTeam = 5YEZP3WG9S;
						ProvisioningStyle = Automatic;
						TestTargetID = 4CE843481DA5480D00502CC9;
					};
					4CE8436F1DA5480D00502CC9 = {
						CreatedOnToolsVersion = 8.0;
						DevelopmentTeam = 5YEZP3WG9S;
						ProvisioningStyle = Automatic;
						TestTargetID = 4CE843481DA5480D00502CC9;
					};
				};
			};
			buildConfigurationList = 4CE843441DA5480D00502CC9 /* Build configuration list for PBXProject "Musmanni" */;
			compatibilityVersion = "Xcode 3.2";
			developmentRegion = English;
			hasScannedForEncodings = 0;
			knownRegions = (
				en,
				Base,
			);
			mainGroup = 4CE843401DA5480D00502CC9;
			productRefGroup = 4CE8434A1DA5480D00502CC9 /* Products */;
			projectDirPath = "";
			projectRoot = "";
			targets = (
				4CE843481DA5480D00502CC9 /* Musmanni */,
				4CE843641DA5480D00502CC9 /* MusmanniTests */,
				4CE8436F1DA5480D00502CC9 /* MusmanniUITests */,
			);
		};
/* End PBXProject section */

/* Begin PBXResourcesBuildPhase section */
		4CE843471DA5480D00502CC9 /* Resources */ = {
			isa = PBXResourcesBuildPhase;
			buildActionMask = 2147483647;
			files = (
				4C0A8DD11DA5AE88008CC9F3 /* fondo@3x.png in Resources */,
				4C0A8DC81DA5AE88008CC9F3 /* Configuraciones@3x.png in Resources */,
				4C0A8DD61DA5AE88008CC9F3 /* Login mail@2x.png in Resources */,
				4C0C88D81DAE9375003FEA49 /* estrella_amarilla@2x.png in Resources */,
				4C0A8DCA1DA5AE88008CC9F3 /* Contacto@2x.png in Resources */,
				4C1C3EB51DA86BC8009A167D /* fondo_monedero@2x.png in Resources */,
				4C0A8DD81DA5AE88008CC9F3 /* Logo Central.png in Resources */,
				4C1C3ED31DA87F17009A167D /* recargas.png in Resources */,
				4C1C3EE11DA8805A009A167D /* ubicaciones@3x.png in Resources */,
				4C0A8DCD1DA5AE88008CC9F3 /* Facebook@2x.png in Resources */,
				4C93DB811DABDC2400E7CFF9 /* monedero@2x.png in Resources */,
				4C0A8DC01DA5AE88008CC9F3 /* Atras.png in Resources */,
				4C0C88DC1DAE9375003FEA49 /* estrella_oscura@3x.png in Resources */,
				4C0A8DF21DA5AE88008CC9F3 /* Web@3x.png in Resources */,
				4C1C3EE01DA8805A009A167D /* ubicaciones@2x.png in Resources */,
				4C0A8DDE1DA5AE88008CC9F3 /* Mail.png in Resources */,
				4C1C3EDF1DA8805A009A167D /* ubicaciones.png in Resources */,
				4C1C3ED51DA87F17009A167D /* recargas@3x.png in Resources */,
				4CE8435F1DA5480D00502CC9 /* LaunchScreen.storyboard in Resources */,
				4C1C3EE71DA880AE009A167D /* promociones@3x.png in Resources */,
				4C0A8DC61DA5AE88008CC9F3 /* Configuraciones.png in Resources */,
				4C0A8DC41DA5AE88008CC9F3 /* Candado@2x.png in Resources */,
				4C0A8E101DA5B25B008CC9F3 /* Oswald-RegularItalic.ttf in Resources */,
				4C0A8DDF1DA5AE88008CC9F3 /* Mail@2x.png in Resources */,
				4C0A8E041DA5B25B008CC9F3 /* Oswald-BoldItalic.ttf in Resources */,
				4C0A8E081DA5B25B008CC9F3 /* Oswald-ExtraLight.ttf in Resources */,
				4C0A8DDD1DA5AE88008CC9F3 /* logo@3x.png in Resources */,
				4C1C3ED41DA87F17009A167D /* recargas@2x.png in Resources */,
				4C0A8DD91DA5AE88008CC9F3 /* Logo Central@2x.png in Resources */,
				4C0A8DC31DA5AE88008CC9F3 /* Candado.png in Resources */,
				4C93DB821DABDC2400E7CFF9 /* monedero@3x.png in Resources */,
				4C0A8DCC1DA5AE88008CC9F3 /* Facebook.png in Resources */,
				4C0A8DBD1DA5AE88008CC9F3 /* Ajustes.png in Resources */,
				4C0A8E0A1DA5B25B008CC9F3 /* Oswald-HeavyItalic.ttf in Resources */,
				4C0C88DB1DAE9375003FEA49 /* estrella_oscura@2x.png in Resources */,
				4C0A8DCB1DA5AE88008CC9F3 /* Contacto@3x.png in Resources */,
				4C0A8DC21DA5AE88008CC9F3 /* Atras@3x.png in Resources */,
				4C0A8E061DA5B25B008CC9F3 /* Oswald-DemiBold.ttf in Resources */,
				4C891E5E1DAD7153002578C2 /* telefono_contactenos@3x.png in Resources */,
				4C0A8DCF1DA5AE88008CC9F3 /* fondo.png in Resources */,
				4CE8435C1DA5480D00502CC9 /* Assets.xcassets in Resources */,
				4C93DB801DABDC2400E7CFF9 /* monedero.png in Resources */,
				4C0A8E091DA5B25B008CC9F3 /* Oswald-Heavy.ttf in Resources */,
				4C0C88D91DAE9375003FEA49 /* estrella_amarilla@3x.png in Resources */,
				4C891E5C1DAD7153002578C2 /* telefono_contactenos.png in Resources */,
				4C1C3EF31DA88241009A167D /* telefono@3x.png in Resources */,
				4C1C3EE61DA880AE009A167D /* promociones@2x.png in Resources */,
				4C0C88E61DAE9CBD003FEA49 /* ContactenosTableViewCell.xib in Resources */,
				4C0A8E0C1DA5B25B008CC9F3 /* Oswald-LightItalic.ttf in Resources */,
				4C7EB9501DAC393D00A8875D /* blank-profile-picture-973460_960_720.png in Resources */,
				4C1C3EB41DA86BC8009A167D /* fondo_monedero.png in Resources */,
				4C0A8DD21DA5AE88008CC9F3 /* Login lock.png in Resources */,
				4C0A8DC71DA5AE88008CC9F3 /* Configuraciones@2x.png in Resources */,
				4C0A8DDA1DA5AE88008CC9F3 /* Logo Central@3x.png in Resources */,
				4C0A8DD51DA5AE88008CC9F3 /* Login mail.png in Resources */,
				4C0A8DDB1DA5AE88008CC9F3 /* logo.png in Resources */,
				4C1C3EF11DA88241009A167D /* telefono.png in Resources */,
				4C0A8E051DA5B25B008CC9F3 /* Oswald-Demi-BoldItalic.ttf in Resources */,
				4C0A8DD01DA5AE88008CC9F3 /* fondo@2x.png in Resources */,
				4C0A8E071DA5B25B008CC9F3 /* Oswald-Extra-LightItalic.ttf in Resources */,
				4C0A8E0F1DA5B25B008CC9F3 /* Oswald-Regular.ttf in Resources */,
				4C1C3EB61DA86BC8009A167D /* fondo_monedero@3x.png in Resources */,
				4C891E501DAD6CFC002578C2 /* fondo_contacto.png in Resources */,
				4C0A8DD31DA5AE88008CC9F3 /* Login lock@2x.png in Resources */,
				4C0A8DDC1DA5AE88008CC9F3 /* logo@2x.png in Resources */,
				4C0C88DA1DAE9375003FEA49 /* estrella_oscura.png in Resources */,
				4C0A8E0D1DA5B25B008CC9F3 /* Oswald-Medium.ttf in Resources */,
				4C1C3EE51DA880AE009A167D /* promociones.png in Resources */,
				4C0A8DC91DA5AE88008CC9F3 /* Contacto.png in Resources */,
				4C0A8DC11DA5AE88008CC9F3 /* Atras@2x.png in Resources */,
				4C891E521DAD6CFC002578C2 /* fondo_contacto@3x.png in Resources */,
				4C0A8E111DA5B25B008CC9F3 /* Oswald-Stencil.ttf in Resources */,
				4C1C3EF21DA88241009A167D /* telefono@2x.png in Resources */,
				4C0A8DCE1DA5AE88008CC9F3 /* Facebook@3x.png in Resources */,
				4C0A8DF11DA5AE88008CC9F3 /* Web@2x.png in Resources */,
				4C0A8E0E1DA5B25B008CC9F3 /* Oswald-MediumItalic.ttf in Resources */,
				4C0A8DBF1DA5AE88008CC9F3 /* Ajustes@3x.png in Resources */,
				4C0A8DBE1DA5AE88008CC9F3 /* Ajustes@2x.png in Resources */,
				4C0A8DC51DA5AE88008CC9F3 /* Candado@3x.png in Resources */,
				4C0A8DE01DA5AE88008CC9F3 /* Mail@3x.png in Resources */,
				4C0A8DD71DA5AE88008CC9F3 /* Login mail@3x.png in Resources */,
				4C891E5D1DAD7153002578C2 /* telefono_contactenos@2x.png in Resources */,
				4C0C88D71DAE9375003FEA49 /* estrella_amarilla.png in Resources */,
				4C891E511DAD6CFC002578C2 /* fondo_contacto@2x.png in Resources */,
				4C0A8DD41DA5AE88008CC9F3 /* Login lock@3x.png in Resources */,
				4C0A8DF01DA5AE88008CC9F3 /* Web.png in Resources */,
				4C0A8E0B1DA5B25B008CC9F3 /* Oswald-Light.ttf in Resources */,
				4CE843571DA5480D00502CC9 /* Main.storyboard in Resources */,
				4C0A8E031DA5B25B008CC9F3 /* Oswald-Bold.ttf in Resources */,
			);
			runOnlyForDeploymentPostprocessing = 0;
		};
		4CE843631DA5480D00502CC9 /* Resources */ = {
			isa = PBXResourcesBuildPhase;
			buildActionMask = 2147483647;
			files = (
			);
			runOnlyForDeploymentPostprocessing = 0;
		};
		4CE8436E1DA5480D00502CC9 /* Resources */ = {
			isa = PBXResourcesBuildPhase;
			buildActionMask = 2147483647;
			files = (
			);
			runOnlyForDeploymentPostprocessing = 0;
		};
/* End PBXResourcesBuildPhase section */

/* Begin PBXShellScriptBuildPhase section */
		139C34F16A7E80DA46A186CE /* [CP] Embed Pods Frameworks */ = {
			isa = PBXShellScriptBuildPhase;
			buildActionMask = 2147483647;
			files = (
			);
			inputPaths = (
			);
			name = "[CP] Embed Pods Frameworks";
			outputPaths = (
			);
			runOnlyForDeploymentPostprocessing = 0;
			shellPath = /bin/sh;
			shellScript = "\"${SRCROOT}/Pods/Target Support Files/Pods-MusmanniTests/Pods-MusmanniTests-frameworks.sh\"\n";
			showEnvVarsInLog = 0;
		};
		1ADC059B590B6F5BAA95DA7F /* [CP] Check Pods Manifest.lock */ = {
			isa = PBXShellScriptBuildPhase;
			buildActionMask = 2147483647;
			files = (
			);
			inputPaths = (
			);
			name = "[CP] Check Pods Manifest.lock";
			outputPaths = (
			);
			runOnlyForDeploymentPostprocessing = 0;
			shellPath = /bin/sh;
			shellScript = "diff \"${PODS_ROOT}/../Podfile.lock\" \"${PODS_ROOT}/Manifest.lock\" > /dev/null\nif [[ $? != 0 ]] ; then\n    cat << EOM\nerror: The sandbox is not in sync with the Podfile.lock. Run 'pod install' or update your CocoaPods installation.\nEOM\n    exit 1\nfi\n";
			showEnvVarsInLog = 0;
		};
		76E0E52290B4B74925373042 /* [CP] Check Pods Manifest.lock */ = {
			isa = PBXShellScriptBuildPhase;
			buildActionMask = 2147483647;
			files = (
			);
			inputPaths = (
			);
			name = "[CP] Check Pods Manifest.lock";
			outputPaths = (
			);
			runOnlyForDeploymentPostprocessing = 0;
			shellPath = /bin/sh;
			shellScript = "diff \"${PODS_ROOT}/../Podfile.lock\" \"${PODS_ROOT}/Manifest.lock\" > /dev/null\nif [[ $? != 0 ]] ; then\n    cat << EOM\nerror: The sandbox is not in sync with the Podfile.lock. Run 'pod install' or update your CocoaPods installation.\nEOM\n    exit 1\nfi\n";
			showEnvVarsInLog = 0;
		};
		84FC683ED8BA10D11486C1D5 /* [CP] Check Pods Manifest.lock */ = {
			isa = PBXShellScriptBuildPhase;
			buildActionMask = 2147483647;
			files = (
			);
			inputPaths = (
			);
			name = "[CP] Check Pods Manifest.lock";
			outputPaths = (
			);
			runOnlyForDeploymentPostprocessing = 0;
			shellPath = /bin/sh;
			shellScript = "diff \"${PODS_ROOT}/../Podfile.lock\" \"${PODS_ROOT}/Manifest.lock\" > /dev/null\nif [[ $? != 0 ]] ; then\n    cat << EOM\nerror: The sandbox is not in sync with the Podfile.lock. Run 'pod install' or update your CocoaPods installation.\nEOM\n    exit 1\nfi\n";
			showEnvVarsInLog = 0;
		};
		AC9741A1BD6BD93560A4EEA2 /* [CP] Copy Pods Resources */ = {
			isa = PBXShellScriptBuildPhase;
			buildActionMask = 2147483647;
			files = (
			);
			inputPaths = (
			);
			name = "[CP] Copy Pods Resources";
			outputPaths = (
			);
			runOnlyForDeploymentPostprocessing = 0;
			shellPath = /bin/sh;
			shellScript = "\"${SRCROOT}/Pods/Target Support Files/Pods-MusmanniUITests/Pods-MusmanniUITests-resources.sh\"\n";
			showEnvVarsInLog = 0;
		};
		CA124159B88CAB33C8987A87 /* [CP] Copy Pods Resources */ = {
			isa = PBXShellScriptBuildPhase;
			buildActionMask = 2147483647;
			files = (
			);
			inputPaths = (
			);
			name = "[CP] Copy Pods Resources";
			outputPaths = (
			);
			runOnlyForDeploymentPostprocessing = 0;
			shellPath = /bin/sh;
			shellScript = "\"${SRCROOT}/Pods/Target Support Files/Pods-MusmanniTests/Pods-MusmanniTests-resources.sh\"\n";
			showEnvVarsInLog = 0;
		};
		CD1499B7DB4316C0E2C03A7B /* [CP] Embed Pods Frameworks */ = {
			isa = PBXShellScriptBuildPhase;
			buildActionMask = 2147483647;
			files = (
			);
			inputPaths = (
			);
			name = "[CP] Embed Pods Frameworks";
			outputPaths = (
			);
			runOnlyForDeploymentPostprocessing = 0;
			shellPath = /bin/sh;
			shellScript = "\"${SRCROOT}/Pods/Target Support Files/Pods-Musmanni/Pods-Musmanni-frameworks.sh\"\n";
			showEnvVarsInLog = 0;
		};
		DFB444E8276E44493460A434 /* [CP] Copy Pods Resources */ = {
			isa = PBXShellScriptBuildPhase;
			buildActionMask = 2147483647;
			files = (
			);
			inputPaths = (
			);
			name = "[CP] Copy Pods Resources";
			outputPaths = (
			);
			runOnlyForDeploymentPostprocessing = 0;
			shellPath = /bin/sh;
			shellScript = "\"${SRCROOT}/Pods/Target Support Files/Pods-Musmanni/Pods-Musmanni-resources.sh\"\n";
			showEnvVarsInLog = 0;
		};
/* End PBXShellScriptBuildPhase section */

/* Begin PBXSourcesBuildPhase section */
		4CE843451DA5480D00502CC9 /* Sources */ = {
			isa = PBXSourcesBuildPhase;
			buildActionMask = 2147483647;
			files = (
				4CE843541DA5480D00502CC9 /* ViewController.m in Sources */,
				4CE8435A1DA5480D00502CC9 /* Musmanni.xcdatamodeld in Sources */,
				4C0C88D01DAE7F61003FEA49 /* MapaViewController.m in Sources */,
				4CE843511DA5480D00502CC9 /* AppDelegate.m in Sources */,
				4C0C88DF1DAE9B7E003FEA49 /* ContactenosViewController.m in Sources */,
				4C1C3EB91DA86C3C009A167D /* MonederoViewController.m in Sources */,
				4CE8434E1DA5480D00502CC9 /* main.m in Sources */,
				4C0A8C311DA59847008CC9F3 /* LoginViewController.m in Sources */,
				4C0A8BCD1DA5749F008CC9F3 /* Singleton.m in Sources */,
				4C0A8BCE1DA5749F008CC9F3 /* WSManager.m in Sources */,
				4C0C88E51DAE9CBD003FEA49 /* ContactenosTableViewCell.m in Sources */,
			);
			runOnlyForDeploymentPostprocessing = 0;
		};
		4CE843611DA5480D00502CC9 /* Sources */ = {
			isa = PBXSourcesBuildPhase;
			buildActionMask = 2147483647;
			files = (
				4CE8436A1DA5480D00502CC9 /* MusmanniTests.m in Sources */,
			);
			runOnlyForDeploymentPostprocessing = 0;
		};
		4CE8436C1DA5480D00502CC9 /* Sources */ = {
			isa = PBXSourcesBuildPhase;
			buildActionMask = 2147483647;
			files = (
				4CE843751DA5480D00502CC9 /* MusmanniUITests.m in Sources */,
			);
			runOnlyForDeploymentPostprocessing = 0;
		};
/* End PBXSourcesBuildPhase section */

/* Begin PBXTargetDependency section */
		4CE843671DA5480D00502CC9 /* PBXTargetDependency */ = {
			isa = PBXTargetDependency;
			target = 4CE843481DA5480D00502CC9 /* Musmanni */;
			targetProxy = 4CE843661DA5480D00502CC9 /* PBXContainerItemProxy */;
		};
		4CE843721DA5480D00502CC9 /* PBXTargetDependency */ = {
			isa = PBXTargetDependency;
			target = 4CE843481DA5480D00502CC9 /* Musmanni */;
			targetProxy = 4CE843711DA5480D00502CC9 /* PBXContainerItemProxy */;
		};
/* End PBXTargetDependency section */

/* Begin PBXVariantGroup section */
		4CE843551DA5480D00502CC9 /* Main.storyboard */ = {
			isa = PBXVariantGroup;
			children = (
				4CE843561DA5480D00502CC9 /* Base */,
			);
			name = Main.storyboard;
			sourceTree = "<group>";
		};
		4CE8435D1DA5480D00502CC9 /* LaunchScreen.storyboard */ = {
			isa = PBXVariantGroup;
			children = (
				4CE8435E1DA5480D00502CC9 /* Base */,
			);
			name = LaunchScreen.storyboard;
			sourceTree = "<group>";
		};
/* End PBXVariantGroup section */

/* Begin XCBuildConfiguration section */
		4CE843771DA5480D00502CC9 /* Debug */ = {
			isa = XCBuildConfiguration;
			buildSettings = {
				ALWAYS_SEARCH_USER_PATHS = NO;
				CLANG_ANALYZER_NONNULL = YES;
				CLANG_CXX_LANGUAGE_STANDARD = "gnu++0x";
				CLANG_CXX_LIBRARY = "libc++";
				CLANG_ENABLE_MODULES = YES;
				CLANG_ENABLE_OBJC_ARC = YES;
				CLANG_WARN_BOOL_CONVERSION = YES;
				CLANG_WARN_CONSTANT_CONVERSION = YES;
				CLANG_WARN_DIRECT_OBJC_ISA_USAGE = YES_ERROR;
				CLANG_WARN_DOCUMENTATION_COMMENTS = YES;
				CLANG_WARN_EMPTY_BODY = YES;
				CLANG_WARN_ENUM_CONVERSION = YES;
				CLANG_WARN_INFINITE_RECURSION = YES;
				CLANG_WARN_INT_CONVERSION = YES;
				CLANG_WARN_OBJC_ROOT_CLASS = YES_ERROR;
				CLANG_WARN_SUSPICIOUS_MOVES = YES;
				CLANG_WARN_UNREACHABLE_CODE = YES;
				CLANG_WARN__DUPLICATE_METHOD_MATCH = YES;
				"CODE_SIGN_IDENTITY[sdk=iphoneos*]" = "iPhone Developer";
				COPY_PHASE_STRIP = NO;
				DEBUG_INFORMATION_FORMAT = dwarf;
				ENABLE_STRICT_OBJC_MSGSEND = YES;
				ENABLE_TESTABILITY = YES;
				GCC_C_LANGUAGE_STANDARD = gnu99;
				GCC_DYNAMIC_NO_PIC = NO;
				GCC_NO_COMMON_BLOCKS = YES;
				GCC_OPTIMIZATION_LEVEL = 0;
				GCC_PREPROCESSOR_DEFINITIONS = (
					"DEBUG=1",
					"$(inherited)",
				);
				GCC_WARN_64_TO_32_BIT_CONVERSION = YES;
				GCC_WARN_ABOUT_RETURN_TYPE = YES_ERROR;
				GCC_WARN_UNDECLARED_SELECTOR = YES;
				GCC_WARN_UNINITIALIZED_AUTOS = YES_AGGRESSIVE;
				GCC_WARN_UNUSED_FUNCTION = YES;
				GCC_WARN_UNUSED_VARIABLE = YES;
				IPHONEOS_DEPLOYMENT_TARGET = 10.0;
				MTL_ENABLE_DEBUG_INFO = YES;
				ONLY_ACTIVE_ARCH = YES;
				SDKROOT = iphoneos;
			};
			name = Debug;
		};
		4CE843781DA5480D00502CC9 /* Release */ = {
			isa = XCBuildConfiguration;
			buildSettings = {
				ALWAYS_SEARCH_USER_PATHS = NO;
				CLANG_ANALYZER_NONNULL = YES;
				CLANG_CXX_LANGUAGE_STANDARD = "gnu++0x";
				CLANG_CXX_LIBRARY = "libc++";
				CLANG_ENABLE_MODULES = YES;
				CLANG_ENABLE_OBJC_ARC = YES;
				CLANG_WARN_BOOL_CONVERSION = YES;
				CLANG_WARN_CONSTANT_CONVERSION = YES;
				CLANG_WARN_DIRECT_OBJC_ISA_USAGE = YES_ERROR;
				CLANG_WARN_DOCUMENTATION_COMMENTS = YES;
				CLANG_WARN_EMPTY_BODY = YES;
				CLANG_WARN_ENUM_CONVERSION = YES;
				CLANG_WARN_INFINITE_RECURSION = YES;
				CLANG_WARN_INT_CONVERSION = YES;
				CLANG_WARN_OBJC_ROOT_CLASS = YES_ERROR;
				CLANG_WARN_SUSPICIOUS_MOVES = YES;
				CLANG_WARN_UNREACHABLE_CODE = YES;
				CLANG_WARN__DUPLICATE_METHOD_MATCH = YES;
				"CODE_SIGN_IDENTITY[sdk=iphoneos*]" = "iPhone Developer";
				COPY_PHASE_STRIP = NO;
				DEBUG_INFORMATION_FORMAT = "dwarf-with-dsym";
				ENABLE_NS_ASSERTIONS = NO;
				ENABLE_STRICT_OBJC_MSGSEND = YES;
				GCC_C_LANGUAGE_STANDARD = gnu99;
				GCC_NO_COMMON_BLOCKS = YES;
				GCC_WARN_64_TO_32_BIT_CONVERSION = YES;
				GCC_WARN_ABOUT_RETURN_TYPE = YES_ERROR;
				GCC_WARN_UNDECLARED_SELECTOR = YES;
				GCC_WARN_UNINITIALIZED_AUTOS = YES_AGGRESSIVE;
				GCC_WARN_UNUSED_FUNCTION = YES;
				GCC_WARN_UNUSED_VARIABLE = YES;
				IPHONEOS_DEPLOYMENT_TARGET = 10.0;
				MTL_ENABLE_DEBUG_INFO = NO;
				SDKROOT = iphoneos;
				VALIDATE_PRODUCT = YES;
			};
			name = Release;
		};
		4CE8437A1DA5480D00502CC9 /* Debug */ = {
			isa = XCBuildConfiguration;
			baseConfigurationReference = 02CE35E3F81E177C6C223813 /* Pods-Musmanni.debug.xcconfig */;
			buildSettings = {
				ASSETCATALOG_COMPILER_APPICON_NAME = AppIcon;
				CODE_SIGN_ENTITLEMENTS = Musmanni/Musmanni.entitlements;
				DEVELOPMENT_TEAM = 5YEZP3WG9S;
				INFOPLIST_FILE = Musmanni/Info.plist;
				IPHONEOS_DEPLOYMENT_TARGET = 9.0;
				LD_RUNPATH_SEARCH_PATHS = "$(inherited) @executable_path/Frameworks";
				PRODUCT_BUNDLE_IDENTIFIER = fifco.musmanni;
				PRODUCT_NAME = "$(TARGET_NAME)";
			};
			name = Debug;
		};
		4CE8437B1DA5480D00502CC9 /* Release */ = {
			isa = XCBuildConfiguration;
			baseConfigurationReference = 594FEDF291A57A01BAA66C5E /* Pods-Musmanni.release.xcconfig */;
			buildSettings = {
				ASSETCATALOG_COMPILER_APPICON_NAME = AppIcon;
				CODE_SIGN_ENTITLEMENTS = Musmanni/Musmanni.entitlements;
				DEVELOPMENT_TEAM = 5YEZP3WG9S;
				INFOPLIST_FILE = Musmanni/Info.plist;
				IPHONEOS_DEPLOYMENT_TARGET = 9.0;
				LD_RUNPATH_SEARCH_PATHS = "$(inherited) @executable_path/Frameworks";
				PRODUCT_BUNDLE_IDENTIFIER = fifco.musmanni;
				PRODUCT_NAME = "$(TARGET_NAME)";
			};
			name = Release;
		};
		4CE8437D1DA5480D00502CC9 /* Debug */ = {
			isa = XCBuildConfiguration;
			baseConfigurationReference = 1459DF1FD00284ABAEEC379C /* Pods-MusmanniTests.debug.xcconfig */;
			buildSettings = {
				BUNDLE_LOADER = "$(TEST_HOST)";
				DEVELOPMENT_TEAM = 5YEZP3WG9S;
				INFOPLIST_FILE = MusmanniTests/Info.plist;
				LD_RUNPATH_SEARCH_PATHS = "$(inherited) @executable_path/Frameworks @loader_path/Frameworks";
				PRODUCT_BUNDLE_IDENTIFIER = fifco.MusmanniTests;
				PRODUCT_NAME = "$(TARGET_NAME)";
				TEST_HOST = "$(BUILT_PRODUCTS_DIR)/Musmanni.app/Musmanni";
			};
			name = Debug;
		};
		4CE8437E1DA5480D00502CC9 /* Release */ = {
			isa = XCBuildConfiguration;
			baseConfigurationReference = F47E4CA2808C5B68AB347C17 /* Pods-MusmanniTests.release.xcconfig */;
			buildSettings = {
				BUNDLE_LOADER = "$(TEST_HOST)";
				DEVELOPMENT_TEAM = 5YEZP3WG9S;
				INFOPLIST_FILE = MusmanniTests/Info.plist;
				LD_RUNPATH_SEARCH_PATHS = "$(inherited) @executable_path/Frameworks @loader_path/Frameworks";
				PRODUCT_BUNDLE_IDENTIFIER = fifco.MusmanniTests;
				PRODUCT_NAME = "$(TARGET_NAME)";
				TEST_HOST = "$(BUILT_PRODUCTS_DIR)/Musmanni.app/Musmanni";
			};
			name = Release;
		};
		4CE843801DA5480D00502CC9 /* Debug */ = {
			isa = XCBuildConfiguration;
			baseConfigurationReference = 906C629B436314503A519208 /* Pods-MusmanniUITests.debug.xcconfig */;
			buildSettings = {
				DEVELOPMENT_TEAM = 5YEZP3WG9S;
				INFOPLIST_FILE = MusmanniUITests/Info.plist;
				LD_RUNPATH_SEARCH_PATHS = "$(inherited) @executable_path/Frameworks @loader_path/Frameworks";
				PRODUCT_BUNDLE_IDENTIFIER = fifco.MusmanniUITests;
				PRODUCT_NAME = "$(TARGET_NAME)";
				TEST_TARGET_NAME = Musmanni;
			};
			name = Debug;
		};
		4CE843811DA5480D00502CC9 /* Release */ = {
			isa = XCBuildConfiguration;
			baseConfigurationReference = 694119BB3CA1AD9EC9C6528E /* Pods-MusmanniUITests.release.xcconfig */;
			buildSettings = {
				DEVELOPMENT_TEAM = 5YEZP3WG9S;
				INFOPLIST_FILE = MusmanniUITests/Info.plist;
				LD_RUNPATH_SEARCH_PATHS = "$(inherited) @executable_path/Frameworks @loader_path/Frameworks";
				PRODUCT_BUNDLE_IDENTIFIER = fifco.MusmanniUITests;
				PRODUCT_NAME = "$(TARGET_NAME)";
				TEST_TARGET_NAME = Musmanni;
			};
			name = Release;
		};
/* End XCBuildConfiguration section */

/* Begin XCConfigurationList section */
		4CE843441DA5480D00502CC9 /* Build configuration list for PBXProject "Musmanni" */ = {
			isa = XCConfigurationList;
			buildConfigurations = (
				4CE843771DA5480D00502CC9 /* Debug */,
				4CE843781DA5480D00502CC9 /* Release */,
			);
			defaultConfigurationIsVisible = 0;
			defaultConfigurationName = Release;
		};
		4CE843791DA5480D00502CC9 /* Build configuration list for PBXNativeTarget "Musmanni" */ = {
			isa = XCConfigurationList;
			buildConfigurations = (
				4CE8437A1DA5480D00502CC9 /* Debug */,
				4CE8437B1DA5480D00502CC9 /* Release */,
			);
			defaultConfigurationIsVisible = 0;
			defaultConfigurationName = Release;
		};
		4CE8437C1DA5480D00502CC9 /* Build configuration list for PBXNativeTarget "MusmanniTests" */ = {
			isa = XCConfigurationList;
			buildConfigurations = (
				4CE8437D1DA5480D00502CC9 /* Debug */,
				4CE8437E1DA5480D00502CC9 /* Release */,
			);
			defaultConfigurationIsVisible = 0;
			defaultConfigurationName = Release;
		};
		4CE8437F1DA5480D00502CC9 /* Build configuration list for PBXNativeTarget "MusmanniUITests" */ = {
			isa = XCConfigurationList;
			buildConfigurations = (
				4CE843801DA5480D00502CC9 /* Debug */,
				4CE843811DA5480D00502CC9 /* Release */,
			);
			defaultConfigurationIsVisible = 0;
			defaultConfigurationName = Release;
		};
/* End XCConfigurationList section */

/* Begin XCVersionGroup section */
		4CE843581DA5480D00502CC9 /* Musmanni.xcdatamodeld */ = {
			isa = XCVersionGroup;
			children = (
				4CE843591DA5480D00502CC9 /* Musmanni.xcdatamodel */,
			);
			currentVersion = 4CE843591DA5480D00502CC9 /* Musmanni.xcdatamodel */;
			path = Musmanni.xcdatamodeld;
			sourceTree = "<group>";
			versionGroupType = wrapper.xcdatamodel;
		};
/* End XCVersionGroup section */
	};
	rootObject = 4CE843411DA5480D00502CC9 /* Project object */;
}
